// !$*UTF8*$!
{
	archiveVersion = 1;
	classes = {
	};
	objectVersion = 50;
	objects = {

/* Begin PBXBuildFile section */
		046A1915D6A5D8AB6BF4A09A /* Pods_Check_mate.framework in Frameworks */ = {isa = PBXBuildFile; fileRef = 259D7447581CD69D898C8CF3 /* Pods_Check_mate.framework */; };
		276BAF0F20E7924C0063D8B4 /* AppDelegate.swift in Sources */ = {isa = PBXBuildFile; fileRef = 276BAF0E20E7924C0063D8B4 /* AppDelegate.swift */; };
		276BAF1120E7924C0063D8B4 /* ViewController.swift in Sources */ = {isa = PBXBuildFile; fileRef = 276BAF1020E7924C0063D8B4 /* ViewController.swift */; };
		276BAF1620E7924E0063D8B4 /* Assets.xcassets in Resources */ = {isa = PBXBuildFile; fileRef = 276BAF1520E7924E0063D8B4 /* Assets.xcassets */; };
		276BAF1920E7924E0063D8B4 /* LaunchScreen.storyboard in Resources */ = {isa = PBXBuildFile; fileRef = 276BAF1720E7924E0063D8B4 /* LaunchScreen.storyboard */; };
		27A55C6120E796FC0036BFB1 /* CalendarViewController.swift in Sources */ = {isa = PBXBuildFile; fileRef = 27A55C6020E796FC0036BFB1 /* CalendarViewController.swift */; };
		27A55C6320E797040036BFB1 /* CalendarViewController.storyboard in Resources */ = {isa = PBXBuildFile; fileRef = 27A55C6220E797040036BFB1 /* CalendarViewController.storyboard */; };
		27A55C6520E797270036BFB1 /* HomeNavigationController.swift in Sources */ = {isa = PBXBuildFile; fileRef = 27A55C6420E797270036BFB1 /* HomeNavigationController.swift */; };
		27A55C6720E7972F0036BFB1 /* HomeNavigationController.storyboard in Resources */ = {isa = PBXBuildFile; fileRef = 27A55C6620E7972F0036BFB1 /* HomeNavigationController.storyboard */; };
		27A55C6920E797410036BFB1 /* HomeViewController.swift in Sources */ = {isa = PBXBuildFile; fileRef = 27A55C6820E797410036BFB1 /* HomeViewController.swift */; };
		27A55C7120E797AF0036BFB1 /* MonthViewController.swift in Sources */ = {isa = PBXBuildFile; fileRef = 27A55C7020E797AF0036BFB1 /* MonthViewController.swift */; };
		27A55C7320E797B60036BFB1 /* MonthViewController.storyboard in Resources */ = {isa = PBXBuildFile; fileRef = 27A55C7220E797B60036BFB1 /* MonthViewController.storyboard */; };
		27A55C7720E79B980036BFB1 /* HomeViewController.storyboard in Resources */ = {isa = PBXBuildFile; fileRef = 27A55C7620E79B980036BFB1 /* HomeViewController.storyboard */; };
		27A55C7A20E79C310036BFB1 /* Extensions+Check-mate.swift in Sources */ = {isa = PBXBuildFile; fileRef = 27A55C7920E79C310036BFB1 /* Extensions+Check-mate.swift */; };
		27A55C7D20E79FF70036BFB1 /* TabBarController.swift in Sources */ = {isa = PBXBuildFile; fileRef = 27A55C7C20E79FF70036BFB1 /* TabBarController.swift */; };
		27A55C7F20E7A0040036BFB1 /* TabBarController.storyboard in Resources */ = {isa = PBXBuildFile; fileRef = 27A55C7E20E7A0040036BFB1 /* TabBarController.storyboard */; };
		27A55C8120E7A0440036BFB1 /* CalendarNavigationController.swift in Sources */ = {isa = PBXBuildFile; fileRef = 27A55C8020E7A0440036BFB1 /* CalendarNavigationController.swift */; };
		27A55C8320E7A0510036BFB1 /* CalendarNavigationController.storyboard in Resources */ = {isa = PBXBuildFile; fileRef = 27A55C8220E7A0510036BFB1 /* CalendarNavigationController.storyboard */; };
		27A55C8620E7A1020036BFB1 /* WorkSpaceNavigationController.swift in Sources */ = {isa = PBXBuildFile; fileRef = 27A55C8520E7A1020036BFB1 /* WorkSpaceNavigationController.swift */; };
		27A55C8820E7A10A0036BFB1 /* WorkSpaceNavigationController.storyboard in Resources */ = {isa = PBXBuildFile; fileRef = 27A55C8720E7A10A0036BFB1 /* WorkSpaceNavigationController.storyboard */; };
		27A55C8A20E7A11D0036BFB1 /* WorkSpaceViewController.swift in Sources */ = {isa = PBXBuildFile; fileRef = 27A55C8920E7A11D0036BFB1 /* WorkSpaceViewController.swift */; };
		27A55C8C20E7A1240036BFB1 /* WorkSpaceViewController.storyboard in Resources */ = {isa = PBXBuildFile; fileRef = 27A55C8B20E7A1240036BFB1 /* WorkSpaceViewController.storyboard */; };
		BE2F09D920E7A64F00CEA36E /* DateCollectionViewCell.swift in Sources */ = {isa = PBXBuildFile; fileRef = BE2F09D820E7A64F00CEA36E /* DateCollectionViewCell.swift */; };
		BE2F09DB20E7A66400CEA36E /* CalendarVars.swift in Sources */ = {isa = PBXBuildFile; fileRef = BE2F09DA20E7A66400CEA36E /* CalendarVars.swift */; };
		BE2F09DD20E7B05800CEA36E /* CalendarDetailViewController.swift in Sources */ = {isa = PBXBuildFile; fileRef = BE2F09DC20E7B05800CEA36E /* CalendarDetailViewController.swift */; };
		76429FC720E7A7E300B16DD4 /* SetWorkButton.swift in Sources */ = {isa = PBXBuildFile; fileRef = 76429FC620E7A7E300B16DD4 /* SetWorkButton.swift */; };
		76429FCB20E7AD1500B16DD4 /* CircularGraph.swift in Sources */ = {isa = PBXBuildFile; fileRef = 76429FCA20E7AD1400B16DD4 /* CircularGraph.swift */; };
		27A55C8E20E7A72B0036BFB1 /* WorkSpaceView.swift in Sources */ = {isa = PBXBuildFile; fileRef = 27A55C8D20E7A72B0036BFB1 /* WorkSpaceView.swift */; };
		27A55C9020E7A7360036BFB1 /* WorkSpaceView.xib in Resources */ = {isa = PBXBuildFile; fileRef = 27A55C8F20E7A7360036BFB1 /* WorkSpaceView.xib */; };
		27A55C9220E7B6AD0036BFB1 /* WorkSpaceTableViewCell.swift in Sources */ = {isa = PBXBuildFile; fileRef = 27A55C9120E7B6AD0036BFB1 /* WorkSpaceTableViewCell.swift */; };
		27CD9CB320E7D4B5000F6CB3 /* WorkSpaceAddViewController.swift in Sources */ = {isa = PBXBuildFile; fileRef = 27CD9CB220E7D4B5000F6CB3 /* WorkSpaceAddViewController.swift */; };
		27CD9CB520E7D4C4000F6CB3 /* WorkSpaceAddNavigationController.storyboard in Resources */ = {isa = PBXBuildFile; fileRef = 27CD9CB420E7D4C4000F6CB3 /* WorkSpaceAddNavigationController.storyboard */; };
		27CD9CB720E7DDBF000F6CB3 /* WorkSpaceTableViewCell.xib in Resources */ = {isa = PBXBuildFile; fileRef = 27CD9CB620E7DDBF000F6CB3 /* WorkSpaceTableViewCell.xib */; };
		27CD9CBF20E7E143000F6CB3 /* WorkSpaceAddNavigationController.swift in Sources */ = {isa = PBXBuildFile; fileRef = 27CD9CBE20E7E143000F6CB3 /* WorkSpaceAddNavigationController.swift */; };
		27CD9CC120E7EAAE000F6CB3 /* WorkSpaceDetailViewController.swift in Sources */ = {isa = PBXBuildFile; fileRef = 27CD9CC020E7EAAE000F6CB3 /* WorkSpaceDetailViewController.swift */; };
/* End PBXBuildFile section */

/* Begin PBXFileReference section */
		259D7447581CD69D898C8CF3 /* Pods_Check_mate.framework */ = {isa = PBXFileReference; explicitFileType = wrapper.framework; includeInIndex = 0; path = Pods_Check_mate.framework; sourceTree = BUILT_PRODUCTS_DIR; };
		276BAF0B20E7924C0063D8B4 /* Check-mate.app */ = {isa = PBXFileReference; explicitFileType = wrapper.application; includeInIndex = 0; path = "Check-mate.app"; sourceTree = BUILT_PRODUCTS_DIR; };
		276BAF0E20E7924C0063D8B4 /* AppDelegate.swift */ = {isa = PBXFileReference; lastKnownFileType = sourcecode.swift; path = AppDelegate.swift; sourceTree = "<group>"; };
		276BAF1020E7924C0063D8B4 /* ViewController.swift */ = {isa = PBXFileReference; lastKnownFileType = sourcecode.swift; path = ViewController.swift; sourceTree = "<group>"; };
		276BAF1520E7924E0063D8B4 /* Assets.xcassets */ = {isa = PBXFileReference; lastKnownFileType = folder.assetcatalog; path = Assets.xcassets; sourceTree = "<group>"; };
		276BAF1820E7924E0063D8B4 /* Base */ = {isa = PBXFileReference; lastKnownFileType = file.storyboard; name = Base; path = Base.lproj/LaunchScreen.storyboard; sourceTree = "<group>"; };
		276BAF1A20E7924E0063D8B4 /* Info.plist */ = {isa = PBXFileReference; lastKnownFileType = text.plist.xml; path = Info.plist; sourceTree = "<group>"; };
		27A55C6020E796FC0036BFB1 /* CalendarViewController.swift */ = {isa = PBXFileReference; lastKnownFileType = sourcecode.swift; path = CalendarViewController.swift; sourceTree = "<group>"; };
		27A55C6220E797040036BFB1 /* CalendarViewController.storyboard */ = {isa = PBXFileReference; lastKnownFileType = file.storyboard; path = CalendarViewController.storyboard; sourceTree = "<group>"; };
		27A55C6420E797270036BFB1 /* HomeNavigationController.swift */ = {isa = PBXFileReference; lastKnownFileType = sourcecode.swift; path = HomeNavigationController.swift; sourceTree = "<group>"; };
		27A55C6620E7972F0036BFB1 /* HomeNavigationController.storyboard */ = {isa = PBXFileReference; lastKnownFileType = file.storyboard; path = HomeNavigationController.storyboard; sourceTree = "<group>"; };
		27A55C6820E797410036BFB1 /* HomeViewController.swift */ = {isa = PBXFileReference; lastKnownFileType = sourcecode.swift; path = HomeViewController.swift; sourceTree = "<group>"; };
		27A55C7020E797AF0036BFB1 /* MonthViewController.swift */ = {isa = PBXFileReference; lastKnownFileType = sourcecode.swift; path = MonthViewController.swift; sourceTree = "<group>"; };
		27A55C7220E797B60036BFB1 /* MonthViewController.storyboard */ = {isa = PBXFileReference; lastKnownFileType = file.storyboard; path = MonthViewController.storyboard; sourceTree = "<group>"; };
		27A55C7620E79B980036BFB1 /* HomeViewController.storyboard */ = {isa = PBXFileReference; lastKnownFileType = file.storyboard; path = HomeViewController.storyboard; sourceTree = "<group>"; };
		27A55C7920E79C310036BFB1 /* Extensions+Check-mate.swift */ = {isa = PBXFileReference; lastKnownFileType = sourcecode.swift; path = "Extensions+Check-mate.swift"; sourceTree = "<group>"; };
		27A55C7C20E79FF70036BFB1 /* TabBarController.swift */ = {isa = PBXFileReference; lastKnownFileType = sourcecode.swift; path = TabBarController.swift; sourceTree = "<group>"; };
		27A55C7E20E7A0040036BFB1 /* TabBarController.storyboard */ = {isa = PBXFileReference; lastKnownFileType = file.storyboard; path = TabBarController.storyboard; sourceTree = "<group>"; };
		27A55C8020E7A0440036BFB1 /* CalendarNavigationController.swift */ = {isa = PBXFileReference; lastKnownFileType = sourcecode.swift; path = CalendarNavigationController.swift; sourceTree = "<group>"; };
		27A55C8220E7A0510036BFB1 /* CalendarNavigationController.storyboard */ = {isa = PBXFileReference; lastKnownFileType = file.storyboard; path = CalendarNavigationController.storyboard; sourceTree = "<group>"; };
		27A55C8520E7A1020036BFB1 /* WorkSpaceNavigationController.swift */ = {isa = PBXFileReference; lastKnownFileType = sourcecode.swift; path = WorkSpaceNavigationController.swift; sourceTree = "<group>"; };
		27A55C8720E7A10A0036BFB1 /* WorkSpaceNavigationController.storyboard */ = {isa = PBXFileReference; lastKnownFileType = file.storyboard; path = WorkSpaceNavigationController.storyboard; sourceTree = "<group>"; };
		27A55C8920E7A11D0036BFB1 /* WorkSpaceViewController.swift */ = {isa = PBXFileReference; lastKnownFileType = sourcecode.swift; path = WorkSpaceViewController.swift; sourceTree = "<group>"; };
		27A55C8D20E7A72B0036BFB1 /* WorkSpaceView.swift */ = {isa = PBXFileReference; lastKnownFileType = sourcecode.swift; path = WorkSpaceView.swift; sourceTree = "<group>"; };
		27A55C8F20E7A7360036BFB1 /* WorkSpaceView.xib */ = {isa = PBXFileReference; lastKnownFileType = file.xib; path = WorkSpaceView.xib; sourceTree = "<group>"; };
		27A55C9120E7B6AD0036BFB1 /* WorkSpaceTableViewCell.swift */ = {isa = PBXFileReference; lastKnownFileType = sourcecode.swift; path = WorkSpaceTableViewCell.swift; sourceTree = "<group>"; };
		27CD9CB220E7D4B5000F6CB3 /* WorkSpaceAddViewController.swift */ = {isa = PBXFileReference; lastKnownFileType = sourcecode.swift; path = WorkSpaceAddViewController.swift; sourceTree = "<group>"; };
		27CD9CB420E7D4C4000F6CB3 /* WorkSpaceAddNavigationController.storyboard */ = {isa = PBXFileReference; lastKnownFileType = file.storyboard; path = WorkSpaceAddNavigationController.storyboard; sourceTree = "<group>"; };
		27CD9CB620E7DDBF000F6CB3 /* WorkSpaceTableViewCell.xib */ = {isa = PBXFileReference; lastKnownFileType = file.xib; path = WorkSpaceTableViewCell.xib; sourceTree = "<group>"; };
		27CD9CBE20E7E143000F6CB3 /* WorkSpaceAddNavigationController.swift */ = {isa = PBXFileReference; lastKnownFileType = sourcecode.swift; path = WorkSpaceAddNavigationController.swift; sourceTree = "<group>"; };
		27CD9CC020E7EAAE000F6CB3 /* WorkSpaceDetailViewController.swift */ = {isa = PBXFileReference; lastKnownFileType = sourcecode.swift; path = WorkSpaceDetailViewController.swift; sourceTree = "<group>"; };
		47C713CA9592953B4F324282 /* Pods-Check-mate.debug.xcconfig */ = {isa = PBXFileReference; includeInIndex = 1; lastKnownFileType = text.xcconfig; name = "Pods-Check-mate.debug.xcconfig"; path = "Pods/Target Support Files/Pods-Check-mate/Pods-Check-mate.debug.xcconfig"; sourceTree = "<group>"; };
		54D76EF7D1B419B9D1AB895C /* Pods-Check-mate.release.xcconfig */ = {isa = PBXFileReference; includeInIndex = 1; lastKnownFileType = text.xcconfig; name = "Pods-Check-mate.release.xcconfig"; path = "Pods/Target Support Files/Pods-Check-mate/Pods-Check-mate.release.xcconfig"; sourceTree = "<group>"; };
		BE2F09D820E7A64F00CEA36E /* DateCollectionViewCell.swift */ = {isa = PBXFileReference; lastKnownFileType = sourcecode.swift; path = DateCollectionViewCell.swift; sourceTree = "<group>"; };
		BE2F09DA20E7A66400CEA36E /* CalendarVars.swift */ = {isa = PBXFileReference; lastKnownFileType = sourcecode.swift; path = CalendarVars.swift; sourceTree = "<group>"; };
		BE2F09DC20E7B05800CEA36E /* CalendarDetailViewController.swift */ = {isa = PBXFileReference; lastKnownFileType = sourcecode.swift; path = CalendarDetailViewController.swift; sourceTree = "<group>"; };
		76429FC620E7A7E300B16DD4 /* SetWorkButton.swift */ = {isa = PBXFileReference; lastKnownFileType = sourcecode.swift; path = SetWorkButton.swift; sourceTree = "<group>"; };
		76429FCA20E7AD1400B16DD4 /* CircularGraph.swift */ = {isa = PBXFileReference; fileEncoding = 4; lastKnownFileType = sourcecode.swift; path = CircularGraph.swift; sourceTree = "<group>"; };
/* End PBXFileReference section */

/* Begin PBXFrameworksBuildPhase section */
		276BAF0820E7924C0063D8B4 /* Frameworks */ = {
			isa = PBXFrameworksBuildPhase;
			buildActionMask = 2147483647;
			files = (
				046A1915D6A5D8AB6BF4A09A /* Pods_Check_mate.framework in Frameworks */,
			);
			runOnlyForDeploymentPostprocessing = 0;
		};
/* End PBXFrameworksBuildPhase section */

/* Begin PBXGroup section */
		276BAF0220E7924C0063D8B4 = {
			isa = PBXGroup;
			children = (
				276BAF0D20E7924C0063D8B4 /* Check-mate */,
				276BAF0C20E7924C0063D8B4 /* Products */,
				A9702AA55629688ACC66E5A4 /* Pods */,
				FDA9D081B46B93433A3880B1 /* Frameworks */,
			);
			sourceTree = "<group>";
		};
		276BAF0C20E7924C0063D8B4 /* Products */ = {
			isa = PBXGroup;
			children = (
				276BAF0B20E7924C0063D8B4 /* Check-mate.app */,
			);
			name = Products;
			sourceTree = "<group>";
		};
		276BAF0D20E7924C0063D8B4 /* Check-mate */ = {
			isa = PBXGroup;
			children = (
				27A55C5820E794DC0036BFB1 /* views */,
				27A55C7820E79C130036BFB1 /* utils */,
				276BAF0E20E7924C0063D8B4 /* AppDelegate.swift */,
				276BAF1020E7924C0063D8B4 /* ViewController.swift */,
				276BAF1520E7924E0063D8B4 /* Assets.xcassets */,
				276BAF1720E7924E0063D8B4 /* LaunchScreen.storyboard */,
				276BAF1A20E7924E0063D8B4 /* Info.plist */,
			);
			path = "Check-mate";
			sourceTree = "<group>";
		};
		27A55C5820E794DC0036BFB1 /* views */ = {
			isa = PBXGroup;
			children = (
				27A55C7B20E79FD00036BFB1 /* tab */,
				27A55C5920E794E20036BFB1 /* home */,
				27A55C5B20E794F30036BFB1 /* month */,
				27A55C5A20E794E70036BFB1 /* calendar */,
				27A55C8420E7A0850036BFB1 /* workspace */,
			);
			path = views;
			sourceTree = "<group>";
		};
		27A55C5920E794E20036BFB1 /* home */ = {
			isa = PBXGroup;
			children = (
				76429FCA20E7AD1400B16DD4 /* CircularGraph.swift */,
				27A55C6420E797270036BFB1 /* HomeNavigationController.swift */,
				27A55C6620E7972F0036BFB1 /* HomeNavigationController.storyboard */,
				27A55C6820E797410036BFB1 /* HomeViewController.swift */,
				27A55C7620E79B980036BFB1 /* HomeViewController.storyboard */,
				76429FC620E7A7E300B16DD4 /* SetWorkButton.swift */,
			);
			path = home;
			sourceTree = "<group>";
		};
		27A55C5A20E794E70036BFB1 /* calendar */ = {
			isa = PBXGroup;
			children = (
				27A55C8020E7A0440036BFB1 /* CalendarNavigationController.swift */,
				27A55C8220E7A0510036BFB1 /* CalendarNavigationController.storyboard */,
				27A55C6020E796FC0036BFB1 /* CalendarViewController.swift */,
				27A55C6220E797040036BFB1 /* CalendarViewController.storyboard */,
				BE2F09D820E7A64F00CEA36E /* DateCollectionViewCell.swift */,
				BE2F09DA20E7A66400CEA36E /* CalendarVars.swift */,
				BE2F09DC20E7B05800CEA36E /* CalendarDetailViewController.swift */,
			);
			path = calendar;
			sourceTree = "<group>";
		};
		27A55C5B20E794F30036BFB1 /* month */ = {
			isa = PBXGroup;
			children = (
				27A55C7020E797AF0036BFB1 /* MonthViewController.swift */,
				27A55C7220E797B60036BFB1 /* MonthViewController.storyboard */,
			);
			path = month;
			sourceTree = "<group>";
		};
		27A55C7820E79C130036BFB1 /* utils */ = {
			isa = PBXGroup;
			children = (
				27A55C7920E79C310036BFB1 /* Extensions+Check-mate.swift */,
			);
			path = utils;
			sourceTree = "<group>";
		};
		27A55C7B20E79FD00036BFB1 /* tab */ = {
			isa = PBXGroup;
			children = (
				27A55C7C20E79FF70036BFB1 /* TabBarController.swift */,
				27A55C7E20E7A0040036BFB1 /* TabBarController.storyboard */,
			);
			path = tab;
			sourceTree = "<group>";
		};
		27A55C8420E7A0850036BFB1 /* workspace */ = {
			isa = PBXGroup;
			children = (
				27A55C8520E7A1020036BFB1 /* WorkSpaceNavigationController.swift */,
				27A55C8720E7A10A0036BFB1 /* WorkSpaceNavigationController.storyboard */,
				27A55C8920E7A11D0036BFB1 /* WorkSpaceViewController.swift */,
				27CD9CC020E7EAAE000F6CB3 /* WorkSpaceDetailViewController.swift */,
				27A55C8D20E7A72B0036BFB1 /* WorkSpaceView.swift */,
				27A55C8F20E7A7360036BFB1 /* WorkSpaceView.xib */,
				27A55C9120E7B6AD0036BFB1 /* WorkSpaceTableViewCell.swift */,
				27CD9CB620E7DDBF000F6CB3 /* WorkSpaceTableViewCell.xib */,
				27CD9CBE20E7E143000F6CB3 /* WorkSpaceAddNavigationController.swift */,
				27CD9CB420E7D4C4000F6CB3 /* WorkSpaceAddNavigationController.storyboard */,
				27CD9CB220E7D4B5000F6CB3 /* WorkSpaceAddViewController.swift */,
			);
			path = workspace;
			sourceTree = "<group>";
		};
		A9702AA55629688ACC66E5A4 /* Pods */ = {
			isa = PBXGroup;
			children = (
				47C713CA9592953B4F324282 /* Pods-Check-mate.debug.xcconfig */,
				54D76EF7D1B419B9D1AB895C /* Pods-Check-mate.release.xcconfig */,
			);
			name = Pods;
			sourceTree = "<group>";
		};
		FDA9D081B46B93433A3880B1 /* Frameworks */ = {
			isa = PBXGroup;
			children = (
				259D7447581CD69D898C8CF3 /* Pods_Check_mate.framework */,
			);
			name = Frameworks;
			sourceTree = "<group>";
		};
/* End PBXGroup section */

/* Begin PBXNativeTarget section */
		276BAF0A20E7924C0063D8B4 /* Check-mate */ = {
			isa = PBXNativeTarget;
			buildConfigurationList = 276BAF1D20E7924E0063D8B4 /* Build configuration list for PBXNativeTarget "Check-mate" */;
			buildPhases = (
				8817F0CCE28B93E04EEB47BB /* [CP] Check Pods Manifest.lock */,
				276BAF0720E7924C0063D8B4 /* Sources */,
				276BAF0820E7924C0063D8B4 /* Frameworks */,
				276BAF0920E7924C0063D8B4 /* Resources */,
			);
			buildRules = (
			);
			dependencies = (
			);
			name = "Check-mate";
			productName = "Check-mate";
			productReference = 276BAF0B20E7924C0063D8B4 /* Check-mate.app */;
			productType = "com.apple.product-type.application";
		};
/* End PBXNativeTarget section */

/* Begin PBXProject section */
		276BAF0320E7924C0063D8B4 /* Project object */ = {
			isa = PBXProject;
			attributes = {
				LastSwiftUpdateCheck = 0940;
				LastUpgradeCheck = 0940;
				ORGANIZATIONNAME = MashUp;
				TargetAttributes = {
					276BAF0A20E7924C0063D8B4 = {
						CreatedOnToolsVersion = 9.4.1;
					};
				};
			};
			buildConfigurationList = 276BAF0620E7924C0063D8B4 /* Build configuration list for PBXProject "Check-mate" */;
			compatibilityVersion = "Xcode 9.3";
			developmentRegion = en;
			hasScannedForEncodings = 0;
			knownRegions = (
				en,
				Base,
			);
			mainGroup = 276BAF0220E7924C0063D8B4;
			productRefGroup = 276BAF0C20E7924C0063D8B4 /* Products */;
			projectDirPath = "";
			projectRoot = "";
			targets = (
				276BAF0A20E7924C0063D8B4 /* Check-mate */,
			);
		};
/* End PBXProject section */

/* Begin PBXResourcesBuildPhase section */
		276BAF0920E7924C0063D8B4 /* Resources */ = {
			isa = PBXResourcesBuildPhase;
			buildActionMask = 2147483647;
			files = (
				27A55C7F20E7A0040036BFB1 /* TabBarController.storyboard in Resources */,
				276BAF1920E7924E0063D8B4 /* LaunchScreen.storyboard in Resources */,
				27A55C6320E797040036BFB1 /* CalendarViewController.storyboard in Resources */,
				27CD9CB520E7D4C4000F6CB3 /* WorkSpaceAddNavigationController.storyboard in Resources */,
				27A55C7720E79B980036BFB1 /* HomeViewController.storyboard in Resources */,
				27A55C8320E7A0510036BFB1 /* CalendarNavigationController.storyboard in Resources */,
				27A55C6720E7972F0036BFB1 /* HomeNavigationController.storyboard in Resources */,
				27A55C8820E7A10A0036BFB1 /* WorkSpaceNavigationController.storyboard in Resources */,
				27CD9CB720E7DDBF000F6CB3 /* WorkSpaceTableViewCell.xib in Resources */,
				27A55C9020E7A7360036BFB1 /* WorkSpaceView.xib in Resources */,
				27A55C7320E797B60036BFB1 /* MonthViewController.storyboard in Resources */,
				276BAF1620E7924E0063D8B4 /* Assets.xcassets in Resources */,
			);
			runOnlyForDeploymentPostprocessing = 0;
		};
/* End PBXResourcesBuildPhase section */

/* Begin PBXShellScriptBuildPhase section */
		8817F0CCE28B93E04EEB47BB /* [CP] Check Pods Manifest.lock */ = {
			isa = PBXShellScriptBuildPhase;
			buildActionMask = 2147483647;
			files = (
			);
			inputPaths = (
				"${PODS_PODFILE_DIR_PATH}/Podfile.lock",
				"${PODS_ROOT}/Manifest.lock",
			);
			name = "[CP] Check Pods Manifest.lock";
			outputPaths = (
				"$(DERIVED_FILE_DIR)/Pods-Check-mate-checkManifestLockResult.txt",
			);
			runOnlyForDeploymentPostprocessing = 0;
			shellPath = /bin/sh;
			shellScript = "diff \"${PODS_PODFILE_DIR_PATH}/Podfile.lock\" \"${PODS_ROOT}/Manifest.lock\" > /dev/null\nif [ $? != 0 ] ; then\n    # print error to STDERR\n    echo \"error: The sandbox is not in sync with the Podfile.lock. Run 'pod install' or update your CocoaPods installation.\" >&2\n    exit 1\nfi\n# This output is used by Xcode 'outputs' to avoid re-running this script phase.\necho \"SUCCESS\" > \"${SCRIPT_OUTPUT_FILE_0}\"\n";
			showEnvVarsInLog = 0;
		};
/* End PBXShellScriptBuildPhase section */

/* Begin PBXSourcesBuildPhase section */
		276BAF0720E7924C0063D8B4 /* Sources */ = {
			isa = PBXSourcesBuildPhase;
			buildActionMask = 2147483647;
			files = (
				76429FC720E7A7E300B16DD4 /* SetWorkButton.swift in Sources */,
				27A55C6520E797270036BFB1 /* HomeNavigationController.swift in Sources */,
				27A55C7D20E79FF70036BFB1 /* TabBarController.swift in Sources */,
				27A55C7120E797AF0036BFB1 /* MonthViewController.swift in Sources */,
				BE2F09DD20E7B05800CEA36E /* CalendarDetailViewController.swift in Sources */,
				27A55C9220E7B6AD0036BFB1 /* WorkSpaceTableViewCell.swift in Sources */,
				27A55C6120E796FC0036BFB1 /* CalendarViewController.swift in Sources */,
				BE2F09D920E7A64F00CEA36E /* DateCollectionViewCell.swift in Sources */,
				276BAF1120E7924C0063D8B4 /* ViewController.swift in Sources */,
				27A55C8120E7A0440036BFB1 /* CalendarNavigationController.swift in Sources */,
				27CD9CC120E7EAAE000F6CB3 /* WorkSpaceDetailViewController.swift in Sources */,
				276BAF0F20E7924C0063D8B4 /* AppDelegate.swift in Sources */,
				27A55C8620E7A1020036BFB1 /* WorkSpaceNavigationController.swift in Sources */,
				BE2F09DB20E7A66400CEA36E /* CalendarVars.swift in Sources */,
				27A55C8E20E7A72B0036BFB1 /* WorkSpaceView.swift in Sources */,
				27CD9CBF20E7E143000F6CB3 /* WorkSpaceAddNavigationController.swift in Sources */,
				27CD9CB320E7D4B5000F6CB3 /* WorkSpaceAddViewController.swift in Sources */,
				27A55C6920E797410036BFB1 /* HomeViewController.swift in Sources */,
				76429FCB20E7AD1500B16DD4 /* CircularGraph.swift in Sources */,
				27A55C8A20E7A11D0036BFB1 /* WorkSpaceViewController.swift in Sources */,
				27A55C7A20E79C310036BFB1 /* Extensions+Check-mate.swift in Sources */,
			);
			runOnlyForDeploymentPostprocessing = 0;
		};
/* End PBXSourcesBuildPhase section */

/* Begin PBXVariantGroup section */
		276BAF1720E7924E0063D8B4 /* LaunchScreen.storyboard */ = {
			isa = PBXVariantGroup;
			children = (
				276BAF1820E7924E0063D8B4 /* Base */,
			);
			name = LaunchScreen.storyboard;
			sourceTree = "<group>";
		};
/* End PBXVariantGroup section */

/* Begin XCBuildConfiguration section */
		276BAF1B20E7924E0063D8B4 /* Debug */ = {
			isa = XCBuildConfiguration;
			buildSettings = {
				ALWAYS_SEARCH_USER_PATHS = NO;
				CLANG_ANALYZER_NONNULL = YES;
				CLANG_ANALYZER_NUMBER_OBJECT_CONVERSION = YES_AGGRESSIVE;
				CLANG_CXX_LANGUAGE_STANDARD = "gnu++14";
				CLANG_CXX_LIBRARY = "libc++";
				CLANG_ENABLE_MODULES = YES;
				CLANG_ENABLE_OBJC_ARC = YES;
				CLANG_ENABLE_OBJC_WEAK = YES;
				CLANG_WARN_BLOCK_CAPTURE_AUTORELEASING = YES;
				CLANG_WARN_BOOL_CONVERSION = YES;
				CLANG_WARN_COMMA = YES;
				CLANG_WARN_CONSTANT_CONVERSION = YES;
				CLANG_WARN_DEPRECATED_OBJC_IMPLEMENTATIONS = YES;
				CLANG_WARN_DIRECT_OBJC_ISA_USAGE = YES_ERROR;
				CLANG_WARN_DOCUMENTATION_COMMENTS = YES;
				CLANG_WARN_EMPTY_BODY = YES;
				CLANG_WARN_ENUM_CONVERSION = YES;
				CLANG_WARN_INFINITE_RECURSION = YES;
				CLANG_WARN_INT_CONVERSION = YES;
				CLANG_WARN_NON_LITERAL_NULL_CONVERSION = YES;
				CLANG_WARN_OBJC_IMPLICIT_RETAIN_SELF = YES;
				CLANG_WARN_OBJC_LITERAL_CONVERSION = YES;
				CLANG_WARN_OBJC_ROOT_CLASS = YES_ERROR;
				CLANG_WARN_RANGE_LOOP_ANALYSIS = YES;
				CLANG_WARN_STRICT_PROTOTYPES = YES;
				CLANG_WARN_SUSPICIOUS_MOVE = YES;
				CLANG_WARN_UNGUARDED_AVAILABILITY = YES_AGGRESSIVE;
				CLANG_WARN_UNREACHABLE_CODE = YES;
				CLANG_WARN__DUPLICATE_METHOD_MATCH = YES;
				CODE_SIGN_IDENTITY = "iPhone Developer";
				COPY_PHASE_STRIP = NO;
				DEBUG_INFORMATION_FORMAT = dwarf;
				ENABLE_STRICT_OBJC_MSGSEND = YES;
				ENABLE_TESTABILITY = YES;
				GCC_C_LANGUAGE_STANDARD = gnu11;
				GCC_DYNAMIC_NO_PIC = NO;
				GCC_NO_COMMON_BLOCKS = YES;
				GCC_OPTIMIZATION_LEVEL = 0;
				GCC_PREPROCESSOR_DEFINITIONS = (
					"DEBUG=1",
					"$(inherited)",
				);
				GCC_WARN_64_TO_32_BIT_CONVERSION = YES;
				GCC_WARN_ABOUT_RETURN_TYPE = YES_ERROR;
				GCC_WARN_UNDECLARED_SELECTOR = YES;
				GCC_WARN_UNINITIALIZED_AUTOS = YES_AGGRESSIVE;
				GCC_WARN_UNUSED_FUNCTION = YES;
				GCC_WARN_UNUSED_VARIABLE = YES;
				IPHONEOS_DEPLOYMENT_TARGET = 11.4;
				MTL_ENABLE_DEBUG_INFO = YES;
				ONLY_ACTIVE_ARCH = YES;
				SDKROOT = iphoneos;
				SWIFT_ACTIVE_COMPILATION_CONDITIONS = DEBUG;
				SWIFT_OPTIMIZATION_LEVEL = "-Onone";
			};
			name = Debug;
		};
		276BAF1C20E7924E0063D8B4 /* Release */ = {
			isa = XCBuildConfiguration;
			buildSettings = {
				ALWAYS_SEARCH_USER_PATHS = NO;
				CLANG_ANALYZER_NONNULL = YES;
				CLANG_ANALYZER_NUMBER_OBJECT_CONVERSION = YES_AGGRESSIVE;
				CLANG_CXX_LANGUAGE_STANDARD = "gnu++14";
				CLANG_CXX_LIBRARY = "libc++";
				CLANG_ENABLE_MODULES = YES;
				CLANG_ENABLE_OBJC_ARC = YES;
				CLANG_ENABLE_OBJC_WEAK = YES;
				CLANG_WARN_BLOCK_CAPTURE_AUTORELEASING = YES;
				CLANG_WARN_BOOL_CONVERSION = YES;
				CLANG_WARN_COMMA = YES;
				CLANG_WARN_CONSTANT_CONVERSION = YES;
				CLANG_WARN_DEPRECATED_OBJC_IMPLEMENTATIONS = YES;
				CLANG_WARN_DIRECT_OBJC_ISA_USAGE = YES_ERROR;
				CLANG_WARN_DOCUMENTATION_COMMENTS = YES;
				CLANG_WARN_EMPTY_BODY = YES;
				CLANG_WARN_ENUM_CONVERSION = YES;
				CLANG_WARN_INFINITE_RECURSION = YES;
				CLANG_WARN_INT_CONVERSION = YES;
				CLANG_WARN_NON_LITERAL_NULL_CONVERSION = YES;
				CLANG_WARN_OBJC_IMPLICIT_RETAIN_SELF = YES;
				CLANG_WARN_OBJC_LITERAL_CONVERSION = YES;
				CLANG_WARN_OBJC_ROOT_CLASS = YES_ERROR;
				CLANG_WARN_RANGE_LOOP_ANALYSIS = YES;
				CLANG_WARN_STRICT_PROTOTYPES = YES;
				CLANG_WARN_SUSPICIOUS_MOVE = YES;
				CLANG_WARN_UNGUARDED_AVAILABILITY = YES_AGGRESSIVE;
				CLANG_WARN_UNREACHABLE_CODE = YES;
				CLANG_WARN__DUPLICATE_METHOD_MATCH = YES;
				CODE_SIGN_IDENTITY = "iPhone Developer";
				COPY_PHASE_STRIP = NO;
				DEBUG_INFORMATION_FORMAT = "dwarf-with-dsym";
				ENABLE_NS_ASSERTIONS = NO;
				ENABLE_STRICT_OBJC_MSGSEND = YES;
				GCC_C_LANGUAGE_STANDARD = gnu11;
				GCC_NO_COMMON_BLOCKS = YES;
				GCC_WARN_64_TO_32_BIT_CONVERSION = YES;
				GCC_WARN_ABOUT_RETURN_TYPE = YES_ERROR;
				GCC_WARN_UNDECLARED_SELECTOR = YES;
				GCC_WARN_UNINITIALIZED_AUTOS = YES_AGGRESSIVE;
				GCC_WARN_UNUSED_FUNCTION = YES;
				GCC_WARN_UNUSED_VARIABLE = YES;
				IPHONEOS_DEPLOYMENT_TARGET = 11.4;
				MTL_ENABLE_DEBUG_INFO = NO;
				SDKROOT = iphoneos;
				SWIFT_COMPILATION_MODE = wholemodule;
				SWIFT_OPTIMIZATION_LEVEL = "-O";
				VALIDATE_PRODUCT = YES;
			};
			name = Release;
		};
		276BAF1E20E7924E0063D8B4 /* Debug */ = {
			isa = XCBuildConfiguration;
			baseConfigurationReference = 47C713CA9592953B4F324282 /* Pods-Check-mate.debug.xcconfig */;
			buildSettings = {
				ASSETCATALOG_COMPILER_APPICON_NAME = AppIcon;
				CODE_SIGN_STYLE = Automatic;
				INFOPLIST_FILE = "Check-mate/Info.plist";
				LD_RUNPATH_SEARCH_PATHS = (
					"$(inherited)",
					"@executable_path/Frameworks",
				);
				PRODUCT_BUNDLE_IDENTIFIER = "mash-up-kr.Check-mate";
				PRODUCT_NAME = "$(TARGET_NAME)";
				SWIFT_VERSION = 4.0;
				TARGETED_DEVICE_FAMILY = "1,2";
			};
			name = Debug;
		};
		276BAF1F20E7924E0063D8B4 /* Release */ = {
			isa = XCBuildConfiguration;
			baseConfigurationReference = 54D76EF7D1B419B9D1AB895C /* Pods-Check-mate.release.xcconfig */;
			buildSettings = {
				ASSETCATALOG_COMPILER_APPICON_NAME = AppIcon;
				CODE_SIGN_STYLE = Automatic;
				INFOPLIST_FILE = "Check-mate/Info.plist";
				LD_RUNPATH_SEARCH_PATHS = (
					"$(inherited)",
					"@executable_path/Frameworks",
				);
				PRODUCT_BUNDLE_IDENTIFIER = "mash-up-kr.Check-mate";
				PRODUCT_NAME = "$(TARGET_NAME)";
				SWIFT_VERSION = 4.0;
				TARGETED_DEVICE_FAMILY = "1,2";
			};
			name = Release;
		};
/* End XCBuildConfiguration section */

/* Begin XCConfigurationList section */
		276BAF0620E7924C0063D8B4 /* Build configuration list for PBXProject "Check-mate" */ = {
			isa = XCConfigurationList;
			buildConfigurations = (
				276BAF1B20E7924E0063D8B4 /* Debug */,
				276BAF1C20E7924E0063D8B4 /* Release */,
			);
			defaultConfigurationIsVisible = 0;
			defaultConfigurationName = Release;
		};
		276BAF1D20E7924E0063D8B4 /* Build configuration list for PBXNativeTarget "Check-mate" */ = {
			isa = XCConfigurationList;
			buildConfigurations = (
				276BAF1E20E7924E0063D8B4 /* Debug */,
				276BAF1F20E7924E0063D8B4 /* Release */,
			);
			defaultConfigurationIsVisible = 0;
			defaultConfigurationName = Release;
		};
/* End XCConfigurationList section */
	};
	rootObject = 276BAF0320E7924C0063D8B4 /* Project object */;
}
