// !$*UTF8*$!
{
	archiveVersion = 1;
	classes = {
	};
	objectVersion = 50;
	objects = {

/* Begin PBXBuildFile section */
		046A1915D6A5D8AB6BF4A09A /* Pods_Check_mate.framework in Frameworks */ = {isa = PBXBuildFile; fileRef = 259D7447581CD69D898C8CF3 /* Pods_Check_mate.framework */; };
		2711E032213CFAFE003BAFED /* ServerClient.swift in Sources */ = {isa = PBXBuildFile; fileRef = 2711E031213CFAFE003BAFED /* ServerClient.swift */; };
		2711E035213CFDD2003BAFED /* WorkSpace.swift in Sources */ = {isa = PBXBuildFile; fileRef = 2711E034213CFDD2003BAFED /* WorkSpace.swift */; };
		275CB4BC213656C800186904 /* PageIndicator.swift in Sources */ = {isa = PBXBuildFile; fileRef = 275CB4BB213656C800186904 /* PageIndicator.swift */; };
		2766FDA92115A3FB00E713D6 /* WorkSpaceAddVC.swift in Sources */ = {isa = PBXBuildFile; fileRef = 2766FDA82115A3FB00E713D6 /* WorkSpaceAddVC.swift */; };
		2766FDAB2115A47300E713D6 /* WorkSpaceAddVC.storyboard in Resources */ = {isa = PBXBuildFile; fileRef = 2766FDAA2115A47300E713D6 /* WorkSpaceAddVC.storyboard */; };
		2766FDAD2115AC8400E713D6 /* GraphicView.swift in Sources */ = {isa = PBXBuildFile; fileRef = 2766FDAC2115AC8400E713D6 /* GraphicView.swift */; };
		276BAF0F20E7924C0063D8B4 /* AppDelegate.swift in Sources */ = {isa = PBXBuildFile; fileRef = 276BAF0E20E7924C0063D8B4 /* AppDelegate.swift */; };
		276BAF1120E7924C0063D8B4 /* ViewController.swift in Sources */ = {isa = PBXBuildFile; fileRef = 276BAF1020E7924C0063D8B4 /* ViewController.swift */; };
		276BAF1620E7924E0063D8B4 /* Assets.xcassets in Resources */ = {isa = PBXBuildFile; fileRef = 276BAF1520E7924E0063D8B4 /* Assets.xcassets */; };
		276BAF1920E7924E0063D8B4 /* LaunchScreen.storyboard in Resources */ = {isa = PBXBuildFile; fileRef = 276BAF1720E7924E0063D8B4 /* LaunchScreen.storyboard */; };
		27A55C6120E796FC0036BFB1 /* CalendarViewController.swift in Sources */ = {isa = PBXBuildFile; fileRef = 27A55C6020E796FC0036BFB1 /* CalendarViewController.swift */; };
		27A55C6320E797040036BFB1 /* CalendarViewController.storyboard in Resources */ = {isa = PBXBuildFile; fileRef = 27A55C6220E797040036BFB1 /* CalendarViewController.storyboard */; };
		27A55C6520E797270036BFB1 /* HomeNavigationController.swift in Sources */ = {isa = PBXBuildFile; fileRef = 27A55C6420E797270036BFB1 /* HomeNavigationController.swift */; };
		27A55C6720E7972F0036BFB1 /* HomeNavigationController.storyboard in Resources */ = {isa = PBXBuildFile; fileRef = 27A55C6620E7972F0036BFB1 /* HomeNavigationController.storyboard */; };
		27A55C6920E797410036BFB1 /* HomeViewController.swift in Sources */ = {isa = PBXBuildFile; fileRef = 27A55C6820E797410036BFB1 /* HomeViewController.swift */; };
		27A55C7120E797AF0036BFB1 /* MonthViewController.swift in Sources */ = {isa = PBXBuildFile; fileRef = 27A55C7020E797AF0036BFB1 /* MonthViewController.swift */; };
		27A55C7320E797B60036BFB1 /* MonthViewController.storyboard in Resources */ = {isa = PBXBuildFile; fileRef = 27A55C7220E797B60036BFB1 /* MonthViewController.storyboard */; };
		27A55C7720E79B980036BFB1 /* HomeViewController.storyboard in Resources */ = {isa = PBXBuildFile; fileRef = 27A55C7620E79B980036BFB1 /* HomeViewController.storyboard */; };
		27A55C7A20E79C310036BFB1 /* Extensions+Check-mate.swift in Sources */ = {isa = PBXBuildFile; fileRef = 27A55C7920E79C310036BFB1 /* Extensions+Check-mate.swift */; };
		27A55C7D20E79FF70036BFB1 /* TabBarController.swift in Sources */ = {isa = PBXBuildFile; fileRef = 27A55C7C20E79FF70036BFB1 /* TabBarController.swift */; };
		27A55C7F20E7A0040036BFB1 /* TabBarController.storyboard in Resources */ = {isa = PBXBuildFile; fileRef = 27A55C7E20E7A0040036BFB1 /* TabBarController.storyboard */; };
		27A55C8120E7A0440036BFB1 /* CalendarNavigationController.swift in Sources */ = {isa = PBXBuildFile; fileRef = 27A55C8020E7A0440036BFB1 /* CalendarNavigationController.swift */; };
		27A55C8320E7A0510036BFB1 /* CalendarNavigationController.storyboard in Resources */ = {isa = PBXBuildFile; fileRef = 27A55C8220E7A0510036BFB1 /* CalendarNavigationController.storyboard */; };
		27A55C8620E7A1020036BFB1 /* WorkSpaceNavigationController.swift in Sources */ = {isa = PBXBuildFile; fileRef = 27A55C8520E7A1020036BFB1 /* WorkSpaceNavigationController.swift */; };
		27A55C8820E7A10A0036BFB1 /* WorkSpaceNavigationController.storyboard in Resources */ = {isa = PBXBuildFile; fileRef = 27A55C8720E7A10A0036BFB1 /* WorkSpaceNavigationController.storyboard */; };
		27A55C8A20E7A11D0036BFB1 /* WorkSpaceViewController.swift in Sources */ = {isa = PBXBuildFile; fileRef = 27A55C8920E7A11D0036BFB1 /* WorkSpaceViewController.swift */; };
		27A55C8E20E7A72B0036BFB1 /* WorkSpaceView.swift in Sources */ = {isa = PBXBuildFile; fileRef = 27A55C8D20E7A72B0036BFB1 /* WorkSpaceView.swift */; };
		27A55C9020E7A7360036BFB1 /* WorkSpaceView.xib in Resources */ = {isa = PBXBuildFile; fileRef = 27A55C8F20E7A7360036BFB1 /* WorkSpaceView.xib */; };
		27A55C9220E7B6AD0036BFB1 /* WorkSpaceTableViewCell.swift in Sources */ = {isa = PBXBuildFile; fileRef = 27A55C9120E7B6AD0036BFB1 /* WorkSpaceTableViewCell.swift */; };
		27BA3E8F21424E64001DE3A8 /* LoginViewController.swift in Sources */ = {isa = PBXBuildFile; fileRef = 27BA3E8E21424E64001DE3A8 /* LoginViewController.swift */; };
		27BA3E9121424E70001DE3A8 /* LoginViewController.storyboard in Resources */ = {isa = PBXBuildFile; fileRef = 27BA3E9021424E70001DE3A8 /* LoginViewController.storyboard */; };
		27BA3E9521425500001DE3A8 /* KakaoOpenSDK.framework in Frameworks */ = {isa = PBXBuildFile; fileRef = 27BA3E9421425500001DE3A8 /* KakaoOpenSDK.framework */; };
		27BA3E9821425FDD001DE3A8 /* LoadingDialog.swift in Sources */ = {isa = PBXBuildFile; fileRef = 27BA3E9721425FDD001DE3A8 /* LoadingDialog.swift */; };
		27BA3E9A2142A09A001DE3A8 /* WorkSpaceDetailViewController.storyboard in Resources */ = {isa = PBXBuildFile; fileRef = 27BA3E992142A09A001DE3A8 /* WorkSpaceDetailViewController.storyboard */; };
		27BA3E9D2142C40B001DE3A8 /* NMapViewerSDK.framework in Frameworks */ = {isa = PBXBuildFile; fileRef = 27BA3E9B2142C40A001DE3A8 /* NMapViewerSDK.framework */; };
		27BA3E9F2142C454001DE3A8 /* ApiGatewayMac.framework in Frameworks */ = {isa = PBXBuildFile; fileRef = 27BA3E9C2142C40A001DE3A8 /* ApiGatewayMac.framework */; };
		27BA3EA02142C454001DE3A8 /* ApiGatewayMac.framework in Embed Frameworks */ = {isa = PBXBuildFile; fileRef = 27BA3E9C2142C40A001DE3A8 /* ApiGatewayMac.framework */; settings = {ATTRIBUTES = (CodeSignOnCopy, RemoveHeadersOnCopy, ); }; };
		27BA3EA42142CD48001DE3A8 /* MapViewController.swift in Sources */ = {isa = PBXBuildFile; fileRef = 27BA3EA32142CD48001DE3A8 /* MapViewController.swift */; };
		27BA3EA62142CD54001DE3A8 /* MapViewController.storyboard in Resources */ = {isa = PBXBuildFile; fileRef = 27BA3EA52142CD54001DE3A8 /* MapViewController.storyboard */; };
		27BA3EA82142CF16001DE3A8 /* NMapViewResources.swift in Sources */ = {isa = PBXBuildFile; fileRef = 27BA3EA72142CF16001DE3A8 /* NMapViewResources.swift */; };
		27CD9CB720E7DDBF000F6CB3 /* WorkSpaceTableViewCell.xib in Resources */ = {isa = PBXBuildFile; fileRef = 27CD9CB620E7DDBF000F6CB3 /* WorkSpaceTableViewCell.xib */; };
		27CD9CC120E7EAAE000F6CB3 /* WorkSpaceDetailViewController.swift in Sources */ = {isa = PBXBuildFile; fileRef = 27CD9CC020E7EAAE000F6CB3 /* WorkSpaceDetailViewController.swift */; };
		27D1C47621391D6A007DEC2E /* Color.swift in Sources */ = {isa = PBXBuildFile; fileRef = 27D1C47521391D6A007DEC2E /* Color.swift */; };
		27EEEA592142D00D00535363 /* strip-frameworks.sh in Resources */ = {isa = PBXBuildFile; fileRef = 27EEEA582142D00D00535363 /* strip-frameworks.sh */; };
		760726952139321C00964D19 /* CountingLabel.swift in Sources */ = {isa = PBXBuildFile; fileRef = 760726942139321B00964D19 /* CountingLabel.swift */; };
		76429FC720E7A7E300B16DD4 /* SideMenuButton.swift in Sources */ = {isa = PBXBuildFile; fileRef = 76429FC620E7A7E300B16DD4 /* SideMenuButton.swift */; };
		76429FCB20E7AD1500B16DD4 /* CircularGraph.swift in Sources */ = {isa = PBXBuildFile; fileRef = 76429FCA20E7AD1400B16DD4 /* CircularGraph.swift */; };
		76842E4A211DD7BD00D66357 /* TempJobData.swift in Sources */ = {isa = PBXBuildFile; fileRef = 76842E49211DD7BD00D66357 /* TempJobData.swift */; };
		76B409992116F10800639082 /* SideMenuViewController.swift in Sources */ = {isa = PBXBuildFile; fileRef = 76B409982116F10800639082 /* SideMenuViewController.swift */; };
		76CFC7BF2142D07200D24B33 /* PaddingLabel.swift in Sources */ = {isa = PBXBuildFile; fileRef = 76CFC7BE2142D07200D24B33 /* PaddingLabel.swift */; };
		76CFC7C12142D99300D24B33 /* WorkSpaceCell.swift in Sources */ = {isa = PBXBuildFile; fileRef = 76CFC7C02142D99300D24B33 /* WorkSpaceCell.swift */; };
		76E2F780214E7FCF001B7D74 /* WorkRecord.swift in Sources */ = {isa = PBXBuildFile; fileRef = 76E2F77F214E7FCF001B7D74 /* WorkRecord.swift */; };
		76E2F78221566DA7001B7D74 /* WebViewController.swift in Sources */ = {isa = PBXBuildFile; fileRef = 76E2F78121566DA7001B7D74 /* WebViewController.swift */; };
		BE2F09D920E7A64F00CEA36E /* DateCollectionViewCell.swift in Sources */ = {isa = PBXBuildFile; fileRef = BE2F09D820E7A64F00CEA36E /* DateCollectionViewCell.swift */; };
		BE2F09DB20E7A66400CEA36E /* CalendarVars.swift in Sources */ = {isa = PBXBuildFile; fileRef = BE2F09DA20E7A66400CEA36E /* CalendarVars.swift */; };
		BE2F09DD20E7B05800CEA36E /* CalendarDetailViewController.swift in Sources */ = {isa = PBXBuildFile; fileRef = BE2F09DC20E7B05800CEA36E /* CalendarDetailViewController.swift */; };
		BE5A4F61211662C30067189D /* DateModel.swift in Sources */ = {isa = PBXBuildFile; fileRef = BE5A4F60211662C30067189D /* DateModel.swift */; };
		BE5A4F63211662D20067189D /* DetailDateModel.swift in Sources */ = {isa = PBXBuildFile; fileRef = BE5A4F62211662D20067189D /* DetailDateModel.swift */; };
		BE5A4F672116635D0067189D /* CalendarDetailViewController.storyboard in Resources */ = {isa = PBXBuildFile; fileRef = BE5A4F662116635D0067189D /* CalendarDetailViewController.storyboard */; };
		BECCBFAA212EE30F00B953F4 /* PictureCell.swift in Sources */ = {isa = PBXBuildFile; fileRef = BECCBFA9212EE30F00B953F4 /* PictureCell.swift */; };
		BECCBFAD212EE39E00B953F4 /* EtcCell.swift in Sources */ = {isa = PBXBuildFile; fileRef = BECCBFAC212EE39E00B953F4 /* EtcCell.swift */; };
		BECCBFAF212EE3E500B953F4 /* BenefitCell.swift in Sources */ = {isa = PBXBuildFile; fileRef = BECCBFAE212EE3E500B953F4 /* BenefitCell.swift */; };
		BECCBFB1212EE41500B953F4 /* DetailTimeCell.swift in Sources */ = {isa = PBXBuildFile; fileRef = BECCBFB0212EE41500B953F4 /* DetailTimeCell.swift */; };
		BECCBFB3212EE45600B953F4 /* DetailTimeHistoryCell.swift in Sources */ = {isa = PBXBuildFile; fileRef = BECCBFB2212EE45600B953F4 /* DetailTimeHistoryCell.swift */; };
		BECCBFB5212EE47500B953F4 /* TodayTImeCell.swift in Sources */ = {isa = PBXBuildFile; fileRef = BECCBFB4212EE47500B953F4 /* TodayTImeCell.swift */; };
		BECCBFB9212EE4CA00B953F4 /* TodayMoneyCell.swift in Sources */ = {isa = PBXBuildFile; fileRef = BECCBFB8212EE4CA00B953F4 /* TodayMoneyCell.swift */; };
		BECCBFBB212EE4E400B953F4 /* CommonProtocols.swift in Sources */ = {isa = PBXBuildFile; fileRef = BECCBFBA212EE4E400B953F4 /* CommonProtocols.swift */; };
		BECCBFBD212EE50E00B953F4 /* DayView.swift in Sources */ = {isa = PBXBuildFile; fileRef = BECCBFBC212EE50E00B953F4 /* DayView.swift */; };
/* End PBXBuildFile section */

/* Begin PBXCopyFilesBuildPhase section */
		27BA3EA12142C455001DE3A8 /* Embed Frameworks */ = {
			isa = PBXCopyFilesBuildPhase;
			buildActionMask = 2147483647;
			dstPath = "";
			dstSubfolderSpec = 10;
			files = (
				27BA3EA02142C454001DE3A8 /* ApiGatewayMac.framework in Embed Frameworks */,
			);
			name = "Embed Frameworks";
			runOnlyForDeploymentPostprocessing = 0;
		};
/* End PBXCopyFilesBuildPhase section */

/* Begin PBXFileReference section */
		259D7447581CD69D898C8CF3 /* Pods_Check_mate.framework */ = {isa = PBXFileReference; explicitFileType = wrapper.framework; includeInIndex = 0; path = Pods_Check_mate.framework; sourceTree = BUILT_PRODUCTS_DIR; };
		2711E031213CFAFE003BAFED /* ServerClient.swift */ = {isa = PBXFileReference; lastKnownFileType = sourcecode.swift; path = ServerClient.swift; sourceTree = "<group>"; };
		2711E034213CFDD2003BAFED /* WorkSpace.swift */ = {isa = PBXFileReference; lastKnownFileType = sourcecode.swift; path = WorkSpace.swift; sourceTree = "<group>"; };
		275CB4BB213656C800186904 /* PageIndicator.swift */ = {isa = PBXFileReference; lastKnownFileType = sourcecode.swift; path = PageIndicator.swift; sourceTree = "<group>"; };
		2766FDA82115A3FB00E713D6 /* WorkSpaceAddVC.swift */ = {isa = PBXFileReference; lastKnownFileType = sourcecode.swift; path = WorkSpaceAddVC.swift; sourceTree = "<group>"; };
		2766FDAA2115A47300E713D6 /* WorkSpaceAddVC.storyboard */ = {isa = PBXFileReference; lastKnownFileType = file.storyboard; path = WorkSpaceAddVC.storyboard; sourceTree = "<group>"; };
		2766FDAC2115AC8400E713D6 /* GraphicView.swift */ = {isa = PBXFileReference; lastKnownFileType = sourcecode.swift; path = GraphicView.swift; sourceTree = "<group>"; };
		276BAF0B20E7924C0063D8B4 /* Check-mate.app */ = {isa = PBXFileReference; explicitFileType = wrapper.application; includeInIndex = 0; path = "Check-mate.app"; sourceTree = BUILT_PRODUCTS_DIR; };
		276BAF0E20E7924C0063D8B4 /* AppDelegate.swift */ = {isa = PBXFileReference; lastKnownFileType = sourcecode.swift; path = AppDelegate.swift; sourceTree = "<group>"; };
		276BAF1020E7924C0063D8B4 /* ViewController.swift */ = {isa = PBXFileReference; lastKnownFileType = sourcecode.swift; path = ViewController.swift; sourceTree = "<group>"; };
		276BAF1520E7924E0063D8B4 /* Assets.xcassets */ = {isa = PBXFileReference; lastKnownFileType = folder.assetcatalog; path = Assets.xcassets; sourceTree = "<group>"; };
		276BAF1820E7924E0063D8B4 /* Base */ = {isa = PBXFileReference; lastKnownFileType = file.storyboard; name = Base; path = Base.lproj/LaunchScreen.storyboard; sourceTree = "<group>"; };
		276BAF1A20E7924E0063D8B4 /* Info.plist */ = {isa = PBXFileReference; lastKnownFileType = text.plist.xml; path = Info.plist; sourceTree = "<group>"; };
		27A55C6020E796FC0036BFB1 /* CalendarViewController.swift */ = {isa = PBXFileReference; lastKnownFileType = sourcecode.swift; path = CalendarViewController.swift; sourceTree = "<group>"; };
		27A55C6220E797040036BFB1 /* CalendarViewController.storyboard */ = {isa = PBXFileReference; lastKnownFileType = file.storyboard; path = CalendarViewController.storyboard; sourceTree = "<group>"; };
		27A55C6420E797270036BFB1 /* HomeNavigationController.swift */ = {isa = PBXFileReference; lastKnownFileType = sourcecode.swift; path = HomeNavigationController.swift; sourceTree = "<group>"; };
		27A55C6620E7972F0036BFB1 /* HomeNavigationController.storyboard */ = {isa = PBXFileReference; lastKnownFileType = file.storyboard; path = HomeNavigationController.storyboard; sourceTree = "<group>"; };
		27A55C6820E797410036BFB1 /* HomeViewController.swift */ = {isa = PBXFileReference; lastKnownFileType = sourcecode.swift; path = HomeViewController.swift; sourceTree = "<group>"; };
		27A55C7020E797AF0036BFB1 /* MonthViewController.swift */ = {isa = PBXFileReference; lastKnownFileType = sourcecode.swift; path = MonthViewController.swift; sourceTree = "<group>"; };
		27A55C7220E797B60036BFB1 /* MonthViewController.storyboard */ = {isa = PBXFileReference; lastKnownFileType = file.storyboard; path = MonthViewController.storyboard; sourceTree = "<group>"; };
		27A55C7620E79B980036BFB1 /* HomeViewController.storyboard */ = {isa = PBXFileReference; lastKnownFileType = file.storyboard; path = HomeViewController.storyboard; sourceTree = "<group>"; };
		27A55C7920E79C310036BFB1 /* Extensions+Check-mate.swift */ = {isa = PBXFileReference; lastKnownFileType = sourcecode.swift; path = "Extensions+Check-mate.swift"; sourceTree = "<group>"; };
		27A55C7C20E79FF70036BFB1 /* TabBarController.swift */ = {isa = PBXFileReference; lastKnownFileType = sourcecode.swift; path = TabBarController.swift; sourceTree = "<group>"; };
		27A55C7E20E7A0040036BFB1 /* TabBarController.storyboard */ = {isa = PBXFileReference; lastKnownFileType = file.storyboard; path = TabBarController.storyboard; sourceTree = "<group>"; };
		27A55C8020E7A0440036BFB1 /* CalendarNavigationController.swift */ = {isa = PBXFileReference; lastKnownFileType = sourcecode.swift; path = CalendarNavigationController.swift; sourceTree = "<group>"; };
		27A55C8220E7A0510036BFB1 /* CalendarNavigationController.storyboard */ = {isa = PBXFileReference; lastKnownFileType = file.storyboard; path = CalendarNavigationController.storyboard; sourceTree = "<group>"; };
		27A55C8520E7A1020036BFB1 /* WorkSpaceNavigationController.swift */ = {isa = PBXFileReference; lastKnownFileType = sourcecode.swift; path = WorkSpaceNavigationController.swift; sourceTree = "<group>"; };
		27A55C8720E7A10A0036BFB1 /* WorkSpaceNavigationController.storyboard */ = {isa = PBXFileReference; lastKnownFileType = file.storyboard; path = WorkSpaceNavigationController.storyboard; sourceTree = "<group>"; };
		27A55C8920E7A11D0036BFB1 /* WorkSpaceViewController.swift */ = {isa = PBXFileReference; lastKnownFileType = sourcecode.swift; path = WorkSpaceViewController.swift; sourceTree = "<group>"; };
		27A55C8D20E7A72B0036BFB1 /* WorkSpaceView.swift */ = {isa = PBXFileReference; lastKnownFileType = sourcecode.swift; path = WorkSpaceView.swift; sourceTree = "<group>"; };
		27A55C8F20E7A7360036BFB1 /* WorkSpaceView.xib */ = {isa = PBXFileReference; lastKnownFileType = file.xib; path = WorkSpaceView.xib; sourceTree = "<group>"; };
		27A55C9120E7B6AD0036BFB1 /* WorkSpaceTableViewCell.swift */ = {isa = PBXFileReference; lastKnownFileType = sourcecode.swift; path = WorkSpaceTableViewCell.swift; sourceTree = "<group>"; };
		27BA3E8E21424E64001DE3A8 /* LoginViewController.swift */ = {isa = PBXFileReference; lastKnownFileType = sourcecode.swift; path = LoginViewController.swift; sourceTree = "<group>"; };
		27BA3E9021424E70001DE3A8 /* LoginViewController.storyboard */ = {isa = PBXFileReference; lastKnownFileType = file.storyboard; path = LoginViewController.storyboard; sourceTree = "<group>"; };
		27BA3E9421425500001DE3A8 /* KakaoOpenSDK.framework */ = {isa = PBXFileReference; lastKnownFileType = wrapper.framework; path = KakaoOpenSDK.framework; sourceTree = "<group>"; };
		27BA3E9621425A07001DE3A8 /* Check-mate-Bridging-Header.h */ = {isa = PBXFileReference; lastKnownFileType = sourcecode.c.h; path = "Check-mate-Bridging-Header.h"; sourceTree = "<group>"; };
		27BA3E9721425FDD001DE3A8 /* LoadingDialog.swift */ = {isa = PBXFileReference; lastKnownFileType = sourcecode.swift; path = LoadingDialog.swift; sourceTree = "<group>"; };
		27BA3E992142A09A001DE3A8 /* WorkSpaceDetailViewController.storyboard */ = {isa = PBXFileReference; lastKnownFileType = file.storyboard; path = WorkSpaceDetailViewController.storyboard; sourceTree = "<group>"; };
		27BA3E9B2142C40A001DE3A8 /* NMapViewerSDK.framework */ = {isa = PBXFileReference; lastKnownFileType = wrapper.framework; path = NMapViewerSDK.framework; sourceTree = "<group>"; };
		27BA3E9C2142C40A001DE3A8 /* ApiGatewayMac.framework */ = {isa = PBXFileReference; lastKnownFileType = wrapper.framework; path = ApiGatewayMac.framework; sourceTree = "<group>"; };
		27BA3EA32142CD48001DE3A8 /* MapViewController.swift */ = {isa = PBXFileReference; lastKnownFileType = sourcecode.swift; path = MapViewController.swift; sourceTree = "<group>"; };
		27BA3EA52142CD54001DE3A8 /* MapViewController.storyboard */ = {isa = PBXFileReference; lastKnownFileType = file.storyboard; path = MapViewController.storyboard; sourceTree = "<group>"; };
		27BA3EA72142CF16001DE3A8 /* NMapViewResources.swift */ = {isa = PBXFileReference; lastKnownFileType = sourcecode.swift; path = NMapViewResources.swift; sourceTree = "<group>"; };
		27CD9CB620E7DDBF000F6CB3 /* WorkSpaceTableViewCell.xib */ = {isa = PBXFileReference; lastKnownFileType = file.xib; path = WorkSpaceTableViewCell.xib; sourceTree = "<group>"; };
		27CD9CC020E7EAAE000F6CB3 /* WorkSpaceDetailViewController.swift */ = {isa = PBXFileReference; lastKnownFileType = sourcecode.swift; path = WorkSpaceDetailViewController.swift; sourceTree = "<group>"; };
		27D1C47521391D6A007DEC2E /* Color.swift */ = {isa = PBXFileReference; lastKnownFileType = sourcecode.swift; path = Color.swift; sourceTree = "<group>"; };
		27EEEA582142D00D00535363 /* strip-frameworks.sh */ = {isa = PBXFileReference; fileEncoding = 4; lastKnownFileType = text.script.sh; path = "strip-frameworks.sh"; sourceTree = "<group>"; };
		47C713CA9592953B4F324282 /* Pods-Check-mate.debug.xcconfig */ = {isa = PBXFileReference; includeInIndex = 1; lastKnownFileType = text.xcconfig; name = "Pods-Check-mate.debug.xcconfig"; path = "Pods/Target Support Files/Pods-Check-mate/Pods-Check-mate.debug.xcconfig"; sourceTree = "<group>"; };
		54D76EF7D1B419B9D1AB895C /* Pods-Check-mate.release.xcconfig */ = {isa = PBXFileReference; includeInIndex = 1; lastKnownFileType = text.xcconfig; name = "Pods-Check-mate.release.xcconfig"; path = "Pods/Target Support Files/Pods-Check-mate/Pods-Check-mate.release.xcconfig"; sourceTree = "<group>"; };
		760726942139321B00964D19 /* CountingLabel.swift */ = {isa = PBXFileReference; fileEncoding = 4; lastKnownFileType = sourcecode.swift; path = CountingLabel.swift; sourceTree = "<group>"; };
		76429FC620E7A7E300B16DD4 /* SideMenuButton.swift */ = {isa = PBXFileReference; lastKnownFileType = sourcecode.swift; path = SideMenuButton.swift; sourceTree = "<group>"; usesTabs = 0; };
		76429FCA20E7AD1400B16DD4 /* CircularGraph.swift */ = {isa = PBXFileReference; fileEncoding = 4; lastKnownFileType = sourcecode.swift; path = CircularGraph.swift; sourceTree = "<group>"; };
		76842E49211DD7BD00D66357 /* TempJobData.swift */ = {isa = PBXFileReference; lastKnownFileType = sourcecode.swift; path = TempJobData.swift; sourceTree = "<group>"; };
		76B409982116F10800639082 /* SideMenuViewController.swift */ = {isa = PBXFileReference; lastKnownFileType = sourcecode.swift; path = SideMenuViewController.swift; sourceTree = "<group>"; };
		76CFC7BE2142D07200D24B33 /* PaddingLabel.swift */ = {isa = PBXFileReference; lastKnownFileType = sourcecode.swift; path = PaddingLabel.swift; sourceTree = "<group>"; };
		76CFC7C02142D99300D24B33 /* WorkSpaceCell.swift */ = {isa = PBXFileReference; lastKnownFileType = sourcecode.swift; path = WorkSpaceCell.swift; sourceTree = "<group>"; };
		76E2F77F214E7FCF001B7D74 /* WorkRecord.swift */ = {isa = PBXFileReference; lastKnownFileType = sourcecode.swift; path = WorkRecord.swift; sourceTree = "<group>"; };
		76E2F78121566DA7001B7D74 /* WebViewController.swift */ = {isa = PBXFileReference; lastKnownFileType = sourcecode.swift; path = WebViewController.swift; sourceTree = "<group>"; };
		BE2F09D820E7A64F00CEA36E /* DateCollectionViewCell.swift */ = {isa = PBXFileReference; lastKnownFileType = sourcecode.swift; path = DateCollectionViewCell.swift; sourceTree = "<group>"; };
		BE2F09DA20E7A66400CEA36E /* CalendarVars.swift */ = {isa = PBXFileReference; lastKnownFileType = sourcecode.swift; path = CalendarVars.swift; sourceTree = "<group>"; };
		BE2F09DC20E7B05800CEA36E /* CalendarDetailViewController.swift */ = {isa = PBXFileReference; lastKnownFileType = sourcecode.swift; path = CalendarDetailViewController.swift; sourceTree = "<group>"; };
		BE5A4F60211662C30067189D /* DateModel.swift */ = {isa = PBXFileReference; lastKnownFileType = sourcecode.swift; path = DateModel.swift; sourceTree = "<group>"; };
		BE5A4F62211662D20067189D /* DetailDateModel.swift */ = {isa = PBXFileReference; lastKnownFileType = sourcecode.swift; path = DetailDateModel.swift; sourceTree = "<group>"; };
		BE5A4F662116635D0067189D /* CalendarDetailViewController.storyboard */ = {isa = PBXFileReference; lastKnownFileType = file.storyboard; path = CalendarDetailViewController.storyboard; sourceTree = "<group>"; };
		BECCBFA9212EE30F00B953F4 /* PictureCell.swift */ = {isa = PBXFileReference; lastKnownFileType = sourcecode.swift; path = PictureCell.swift; sourceTree = "<group>"; };
		BECCBFAC212EE39E00B953F4 /* EtcCell.swift */ = {isa = PBXFileReference; lastKnownFileType = sourcecode.swift; path = EtcCell.swift; sourceTree = "<group>"; };
		BECCBFAE212EE3E500B953F4 /* BenefitCell.swift */ = {isa = PBXFileReference; lastKnownFileType = sourcecode.swift; path = BenefitCell.swift; sourceTree = "<group>"; };
		BECCBFB0212EE41500B953F4 /* DetailTimeCell.swift */ = {isa = PBXFileReference; lastKnownFileType = sourcecode.swift; path = DetailTimeCell.swift; sourceTree = "<group>"; };
		BECCBFB2212EE45600B953F4 /* DetailTimeHistoryCell.swift */ = {isa = PBXFileReference; lastKnownFileType = sourcecode.swift; path = DetailTimeHistoryCell.swift; sourceTree = "<group>"; };
		BECCBFB4212EE47500B953F4 /* TodayTImeCell.swift */ = {isa = PBXFileReference; lastKnownFileType = sourcecode.swift; path = TodayTImeCell.swift; sourceTree = "<group>"; };
		BECCBFB8212EE4CA00B953F4 /* TodayMoneyCell.swift */ = {isa = PBXFileReference; lastKnownFileType = sourcecode.swift; path = TodayMoneyCell.swift; sourceTree = "<group>"; };
		BECCBFBA212EE4E400B953F4 /* CommonProtocols.swift */ = {isa = PBXFileReference; lastKnownFileType = sourcecode.swift; path = CommonProtocols.swift; sourceTree = "<group>"; };
		BECCBFBC212EE50E00B953F4 /* DayView.swift */ = {isa = PBXFileReference; lastKnownFileType = sourcecode.swift; path = DayView.swift; sourceTree = "<group>"; };
/* End PBXFileReference section */

/* Begin PBXFrameworksBuildPhase section */
		276BAF0820E7924C0063D8B4 /* Frameworks */ = {
			isa = PBXFrameworksBuildPhase;
			buildActionMask = 2147483647;
			files = (
				27BA3E9F2142C454001DE3A8 /* ApiGatewayMac.framework in Frameworks */,
				046A1915D6A5D8AB6BF4A09A /* Pods_Check_mate.framework in Frameworks */,
				27BA3E9521425500001DE3A8 /* KakaoOpenSDK.framework in Frameworks */,
				27BA3E9D2142C40B001DE3A8 /* NMapViewerSDK.framework in Frameworks */,
			);
			runOnlyForDeploymentPostprocessing = 0;
		};
/* End PBXFrameworksBuildPhase section */

/* Begin PBXGroup section */
		2711E033213CFDC4003BAFED /* models */ = {
			isa = PBXGroup;
			children = (
				2711E034213CFDD2003BAFED /* WorkSpace.swift */,
				76E2F77F214E7FCF001B7D74 /* WorkRecord.swift */,
			);
			path = models;
			sourceTree = "<group>";
		};
		275CB4BA2136567500186904 /* custom_view */ = {
			isa = PBXGroup;
			children = (
				275CB4BB213656C800186904 /* PageIndicator.swift */,
			);
			path = custom_view;
			sourceTree = "<group>";
		};
		276BAF0220E7924C0063D8B4 = {
			isa = PBXGroup;
			children = (
				27BA3EAA2142CFD0001DE3A8 /* Scripts */,
				276BAF0D20E7924C0063D8B4 /* Check-mate */,
				276BAF0C20E7924C0063D8B4 /* Products */,
				A9702AA55629688ACC66E5A4 /* Pods */,
				FDA9D081B46B93433A3880B1 /* Frameworks */,
			);
			sourceTree = "<group>";
		};
		276BAF0C20E7924C0063D8B4 /* Products */ = {
			isa = PBXGroup;
			children = (
				276BAF0B20E7924C0063D8B4 /* Check-mate.app */,
			);
			name = Products;
			sourceTree = "<group>";
		};
		276BAF0D20E7924C0063D8B4 /* Check-mate */ = {
			isa = PBXGroup;
			children = (
				2711E033213CFDC4003BAFED /* models */,
				27A55C5820E794DC0036BFB1 /* views */,
				27A55C7820E79C130036BFB1 /* utils */,
				276BAF0E20E7924C0063D8B4 /* AppDelegate.swift */,
				276BAF1020E7924C0063D8B4 /* ViewController.swift */,
				276BAF1520E7924E0063D8B4 /* Assets.xcassets */,
				276BAF1720E7924E0063D8B4 /* LaunchScreen.storyboard */,
				276BAF1A20E7924E0063D8B4 /* Info.plist */,
				27BA3E9621425A07001DE3A8 /* Check-mate-Bridging-Header.h */,
			);
			path = "Check-mate";
			sourceTree = "<group>";
		};
		27A55C5820E794DC0036BFB1 /* views */ = {
			isa = PBXGroup;
			children = (
				27BA3E8921424CFE001DE3A8 /* login */,
				27A55C7B20E79FD00036BFB1 /* tab */,
				27A55C5920E794E20036BFB1 /* home */,
				27A55C5B20E794F30036BFB1 /* month */,
				27A55C5A20E794E70036BFB1 /* calendar */,
				27A55C8420E7A0850036BFB1 /* workspace */,
			);
			path = views;
			sourceTree = "<group>";
		};
		27A55C5920E794E20036BFB1 /* home */ = {
			isa = PBXGroup;
			children = (
				76429FCA20E7AD1400B16DD4 /* CircularGraph.swift */,
				27A55C6420E797270036BFB1 /* HomeNavigationController.swift */,
				27A55C6620E7972F0036BFB1 /* HomeNavigationController.storyboard */,
				27A55C6820E797410036BFB1 /* HomeViewController.swift */,
				27A55C7620E79B980036BFB1 /* HomeViewController.storyboard */,
				76429FC620E7A7E300B16DD4 /* SideMenuButton.swift */,
				76B409982116F10800639082 /* SideMenuViewController.swift */,
				76E2F78121566DA7001B7D74 /* WebViewController.swift */,
				76CFC7BE2142D07200D24B33 /* PaddingLabel.swift */,
				76842E49211DD7BD00D66357 /* TempJobData.swift */,
				76CFC7C02142D99300D24B33 /* WorkSpaceCell.swift */,
			);
			path = home;
			sourceTree = "<group>";
		};
		27A55C5A20E794E70036BFB1 /* calendar */ = {
			isa = PBXGroup;
			children = (
				BE5A4F65211663160067189D /* calendardetailview */,
				BE5A4F64211662FA0067189D /* calendarview */,
				BE5A4F5F211662860067189D /* model */,
				27A55C8020E7A0440036BFB1 /* CalendarNavigationController.swift */,
				27A55C8220E7A0510036BFB1 /* CalendarNavigationController.storyboard */,
			);
			path = calendar;
			sourceTree = "<group>";
		};
		27A55C5B20E794F30036BFB1 /* month */ = {
			isa = PBXGroup;
			children = (
				27A55C7020E797AF0036BFB1 /* MonthViewController.swift */,
				27A55C7220E797B60036BFB1 /* MonthViewController.storyboard */,
			);
			path = month;
			sourceTree = "<group>";
		};
		27A55C7820E79C130036BFB1 /* utils */ = {
			isa = PBXGroup;
			children = (
				760726942139321B00964D19 /* CountingLabel.swift */,
				27A55C7920E79C310036BFB1 /* Extensions+Check-mate.swift */,
				2766FDAC2115AC8400E713D6 /* GraphicView.swift */,
				27D1C47521391D6A007DEC2E /* Color.swift */,
				2711E031213CFAFE003BAFED /* ServerClient.swift */,
				27BA3E9721425FDD001DE3A8 /* LoadingDialog.swift */,
				27BA3EA72142CF16001DE3A8 /* NMapViewResources.swift */,
			);
			path = utils;
			sourceTree = "<group>";
		};
		27A55C7B20E79FD00036BFB1 /* tab */ = {
			isa = PBXGroup;
			children = (
				27A55C7C20E79FF70036BFB1 /* TabBarController.swift */,
				27A55C7E20E7A0040036BFB1 /* TabBarController.storyboard */,
			);
			path = tab;
			sourceTree = "<group>";
		};
		27A55C8420E7A0850036BFB1 /* workspace */ = {
			isa = PBXGroup;
			children = (
				275CB4BA2136567500186904 /* custom_view */,
				27A55C8520E7A1020036BFB1 /* WorkSpaceNavigationController.swift */,
				27A55C8720E7A10A0036BFB1 /* WorkSpaceNavigationController.storyboard */,
				27A55C8920E7A11D0036BFB1 /* WorkSpaceViewController.swift */,
				27CD9CC020E7EAAE000F6CB3 /* WorkSpaceDetailViewController.swift */,
				27BA3E992142A09A001DE3A8 /* WorkSpaceDetailViewController.storyboard */,
				27A55C8D20E7A72B0036BFB1 /* WorkSpaceView.swift */,
				27A55C8F20E7A7360036BFB1 /* WorkSpaceView.xib */,
				27A55C9120E7B6AD0036BFB1 /* WorkSpaceTableViewCell.swift */,
				27CD9CB620E7DDBF000F6CB3 /* WorkSpaceTableViewCell.xib */,
				2766FDA82115A3FB00E713D6 /* WorkSpaceAddVC.swift */,
				2766FDAA2115A47300E713D6 /* WorkSpaceAddVC.storyboard */,
				27BA3EA32142CD48001DE3A8 /* MapViewController.swift */,
				27BA3EA52142CD54001DE3A8 /* MapViewController.storyboard */,
			);
			path = workspace;
			sourceTree = "<group>";
		};
		27BA3E8921424CFE001DE3A8 /* login */ = {
			isa = PBXGroup;
			children = (
				27BA3E8E21424E64001DE3A8 /* LoginViewController.swift */,
				27BA3E9021424E70001DE3A8 /* LoginViewController.storyboard */,
			);
			path = login;
			sourceTree = "<group>";
		};
		27BA3EAA2142CFD0001DE3A8 /* Scripts */ = {
			isa = PBXGroup;
			children = (
				27EEEA582142D00D00535363 /* strip-frameworks.sh */,
			);
			path = Scripts;
			sourceTree = "<group>";
		};
		A9702AA55629688ACC66E5A4 /* Pods */ = {
			isa = PBXGroup;
			children = (
				47C713CA9592953B4F324282 /* Pods-Check-mate.debug.xcconfig */,
				54D76EF7D1B419B9D1AB895C /* Pods-Check-mate.release.xcconfig */,
			);
			name = Pods;
			sourceTree = "<group>";
		};
		BE5A4F5F211662860067189D /* model */ = {
			isa = PBXGroup;
			children = (
				BE5A4F60211662C30067189D /* DateModel.swift */,
				BE5A4F62211662D20067189D /* DetailDateModel.swift */,
			);
			path = model;
			sourceTree = "<group>";
		};
		BE5A4F64211662FA0067189D /* calendarview */ = {
			isa = PBXGroup;
			children = (
				27A55C6020E796FC0036BFB1 /* CalendarViewController.swift */,
				27A55C6220E797040036BFB1 /* CalendarViewController.storyboard */,
				BE2F09D820E7A64F00CEA36E /* DateCollectionViewCell.swift */,
				BE2F09DA20E7A66400CEA36E /* CalendarVars.swift */,
			);
			path = calendarview;
			sourceTree = "<group>";
		};
		BE5A4F65211663160067189D /* calendardetailview */ = {
			isa = PBXGroup;
			children = (
				BECCBFAB212EE36A00B953F4 /* cells */,
				BE2F09DC20E7B05800CEA36E /* CalendarDetailViewController.swift */,
				BE5A4F662116635D0067189D /* CalendarDetailViewController.storyboard */,
				BECCBFBC212EE50E00B953F4 /* DayView.swift */,
			);
			path = calendardetailview;
			sourceTree = "<group>";
		};
		BECCBFAB212EE36A00B953F4 /* cells */ = {
			isa = PBXGroup;
			children = (
				BECCBFA9212EE30F00B953F4 /* PictureCell.swift */,
				BECCBFAC212EE39E00B953F4 /* EtcCell.swift */,
				BECCBFAE212EE3E500B953F4 /* BenefitCell.swift */,
				BECCBFB0212EE41500B953F4 /* DetailTimeCell.swift */,
				BECCBFB2212EE45600B953F4 /* DetailTimeHistoryCell.swift */,
				BECCBFB4212EE47500B953F4 /* TodayTImeCell.swift */,
				BECCBFB8212EE4CA00B953F4 /* TodayMoneyCell.swift */,
				BECCBFBA212EE4E400B953F4 /* CommonProtocols.swift */,
			);
			path = cells;
			sourceTree = "<group>";
		};
		FDA9D081B46B93433A3880B1 /* Frameworks */ = {
			isa = PBXGroup;
			children = (
				27BA3E9C2142C40A001DE3A8 /* ApiGatewayMac.framework */,
				27BA3E9B2142C40A001DE3A8 /* NMapViewerSDK.framework */,
				27BA3E9421425500001DE3A8 /* KakaoOpenSDK.framework */,
				259D7447581CD69D898C8CF3 /* Pods_Check_mate.framework */,
			);
			name = Frameworks;
			sourceTree = "<group>";
		};
/* End PBXGroup section */

/* Begin PBXNativeTarget section */
		276BAF0A20E7924C0063D8B4 /* Check-mate */ = {
			isa = PBXNativeTarget;
			buildConfigurationList = 276BAF1D20E7924E0063D8B4 /* Build configuration list for PBXNativeTarget "Check-mate" */;
			buildPhases = (
				8817F0CCE28B93E04EEB47BB /* [CP] Check Pods Manifest.lock */,
				276BAF0720E7924C0063D8B4 /* Sources */,
				276BAF0820E7924C0063D8B4 /* Frameworks */,
				276BAF0920E7924C0063D8B4 /* Resources */,
				9F770AF3806FFA1CD233DE01 /* [CP] Embed Pods Frameworks */,
				27BA3EA12142C455001DE3A8 /* Embed Frameworks */,
				27BA3EA22142CCA4001DE3A8 /* ShellScript */,
			);
			buildRules = (
			);
			dependencies = (
			);
			name = "Check-mate";
			productName = "Check-mate";
			productReference = 276BAF0B20E7924C0063D8B4 /* Check-mate.app */;
			productType = "com.apple.product-type.application";
		};
/* End PBXNativeTarget section */

/* Begin PBXProject section */
		276BAF0320E7924C0063D8B4 /* Project object */ = {
			isa = PBXProject;
			attributes = {
				LastSwiftUpdateCheck = 0940;
				LastUpgradeCheck = 0940;
				ORGANIZATIONNAME = MashUp;
				TargetAttributes = {
					276BAF0A20E7924C0063D8B4 = {
						CreatedOnToolsVersion = 9.4.1;
					};
				};
			};
			buildConfigurationList = 276BAF0620E7924C0063D8B4 /* Build configuration list for PBXProject "Check-mate" */;
			compatibilityVersion = "Xcode 9.3";
			developmentRegion = en;
			hasScannedForEncodings = 0;
			knownRegions = (
				en,
				Base,
			);
			mainGroup = 276BAF0220E7924C0063D8B4;
			productRefGroup = 276BAF0C20E7924C0063D8B4 /* Products */;
			projectDirPath = "";
			projectRoot = "";
			targets = (
				276BAF0A20E7924C0063D8B4 /* Check-mate */,
			);
		};
/* End PBXProject section */

/* Begin PBXResourcesBuildPhase section */
		276BAF0920E7924C0063D8B4 /* Resources */ = {
			isa = PBXResourcesBuildPhase;
			buildActionMask = 2147483647;
			files = (
				27BA3EA62142CD54001DE3A8 /* MapViewController.storyboard in Resources */,
				27A55C7F20E7A0040036BFB1 /* TabBarController.storyboard in Resources */,
				276BAF1920E7924E0063D8B4 /* LaunchScreen.storyboard in Resources */,
				27A55C6320E797040036BFB1 /* CalendarViewController.storyboard in Resources */,
				27A55C7720E79B980036BFB1 /* HomeViewController.storyboard in Resources */,
				27A55C8320E7A0510036BFB1 /* CalendarNavigationController.storyboard in Resources */,
				27BA3E9A2142A09A001DE3A8 /* WorkSpaceDetailViewController.storyboard in Resources */,
				27A55C6720E7972F0036BFB1 /* HomeNavigationController.storyboard in Resources */,
				27A55C8820E7A10A0036BFB1 /* WorkSpaceNavigationController.storyboard in Resources */,
				27CD9CB720E7DDBF000F6CB3 /* WorkSpaceTableViewCell.xib in Resources */,
				27A55C9020E7A7360036BFB1 /* WorkSpaceView.xib in Resources */,
				2766FDAB2115A47300E713D6 /* WorkSpaceAddVC.storyboard in Resources */,
				27A55C7320E797B60036BFB1 /* MonthViewController.storyboard in Resources */,
				27BA3E9121424E70001DE3A8 /* LoginViewController.storyboard in Resources */,
				276BAF1620E7924E0063D8B4 /* Assets.xcassets in Resources */,
				BE5A4F672116635D0067189D /* CalendarDetailViewController.storyboard in Resources */,
				27EEEA592142D00D00535363 /* strip-frameworks.sh in Resources */,
			);
			runOnlyForDeploymentPostprocessing = 0;
		};
/* End PBXResourcesBuildPhase section */

/* Begin PBXShellScriptBuildPhase section */
		27BA3EA22142CCA4001DE3A8 /* ShellScript */ = {
			isa = PBXShellScriptBuildPhase;
			buildActionMask = 2147483647;
			files = (
			);
			inputPaths = (
			);
			outputPaths = (
			);
			runOnlyForDeploymentPostprocessing = 0;
			shellPath = /bin/sh;
			shellScript = "sh ./Scripts/strip-frameworks.sh";
		};
		8817F0CCE28B93E04EEB47BB /* [CP] Check Pods Manifest.lock */ = {
			isa = PBXShellScriptBuildPhase;
			buildActionMask = 2147483647;
			files = (
			);
			inputPaths = (
				"${PODS_PODFILE_DIR_PATH}/Podfile.lock",
				"${PODS_ROOT}/Manifest.lock",
			);
			name = "[CP] Check Pods Manifest.lock";
			outputPaths = (
				"$(DERIVED_FILE_DIR)/Pods-Check-mate-checkManifestLockResult.txt",
			);
			runOnlyForDeploymentPostprocessing = 0;
			shellPath = /bin/sh;
			shellScript = "diff \"${PODS_PODFILE_DIR_PATH}/Podfile.lock\" \"${PODS_ROOT}/Manifest.lock\" > /dev/null\nif [ $? != 0 ] ; then\n    # print error to STDERR\n    echo \"error: The sandbox is not in sync with the Podfile.lock. Run 'pod install' or update your CocoaPods installation.\" >&2\n    exit 1\nfi\n# This output is used by Xcode 'outputs' to avoid re-running this script phase.\necho \"SUCCESS\" > \"${SCRIPT_OUTPUT_FILE_0}\"\n";
			showEnvVarsInLog = 0;
		};
		9F770AF3806FFA1CD233DE01 /* [CP] Embed Pods Frameworks */ = {
			isa = PBXShellScriptBuildPhase;
			buildActionMask = 2147483647;
			files = (
			);
			inputPaths = (
				"${SRCROOT}/Pods/Target Support Files/Pods-Check-mate/Pods-Check-mate-frameworks.sh",
				"${BUILT_PRODUCTS_DIR}/Alamofire/Alamofire.framework",
				"${BUILT_PRODUCTS_DIR}/SwiftyJSON/SwiftyJSON.framework",
			);
			name = "[CP] Embed Pods Frameworks";
			outputPaths = (
				"${TARGET_BUILD_DIR}/${FRAMEWORKS_FOLDER_PATH}/Alamofire.framework",
				"${TARGET_BUILD_DIR}/${FRAMEWORKS_FOLDER_PATH}/SwiftyJSON.framework",
			);
			runOnlyForDeploymentPostprocessing = 0;
			shellPath = /bin/sh;
			shellScript = "\"${SRCROOT}/Pods/Target Support Files/Pods-Check-mate/Pods-Check-mate-frameworks.sh\"\n";
			showEnvVarsInLog = 0;
		};
/* End PBXShellScriptBuildPhase section */

/* Begin PBXSourcesBuildPhase section */
		276BAF0720E7924C0063D8B4 /* Sources */ = {
			isa = PBXSourcesBuildPhase;
			buildActionMask = 2147483647;
			files = (
				27BA3E8F21424E64001DE3A8 /* LoginViewController.swift in Sources */,
				BECCBFB1212EE41500B953F4 /* DetailTimeCell.swift in Sources */,
				BECCBFBD212EE50E00B953F4 /* DayView.swift in Sources */,
				27BA3EA82142CF16001DE3A8 /* NMapViewResources.swift in Sources */,
				76429FC720E7A7E300B16DD4 /* SideMenuButton.swift in Sources */,
				BECCBFB3212EE45600B953F4 /* DetailTimeHistoryCell.swift in Sources */,
				27A55C6520E797270036BFB1 /* HomeNavigationController.swift in Sources */,
				27A55C7D20E79FF70036BFB1 /* TabBarController.swift in Sources */,
				275CB4BC213656C800186904 /* PageIndicator.swift in Sources */,
				27A55C7120E797AF0036BFB1 /* MonthViewController.swift in Sources */,
				2766FDA92115A3FB00E713D6 /* WorkSpaceAddVC.swift in Sources */,
				BE2F09DD20E7B05800CEA36E /* CalendarDetailViewController.swift in Sources */,
				27BA3EA42142CD48001DE3A8 /* MapViewController.swift in Sources */,
				76B409992116F10800639082 /* SideMenuViewController.swift in Sources */,
				27A55C9220E7B6AD0036BFB1 /* WorkSpaceTableViewCell.swift in Sources */,
				76842E4A211DD7BD00D66357 /* TempJobData.swift in Sources */,
				27A55C6120E796FC0036BFB1 /* CalendarViewController.swift in Sources */,
				2766FDAD2115AC8400E713D6 /* GraphicView.swift in Sources */,
				BE2F09D920E7A64F00CEA36E /* DateCollectionViewCell.swift in Sources */,
				BECCBFB5212EE47500B953F4 /* TodayTImeCell.swift in Sources */,
				2711E035213CFDD2003BAFED /* WorkSpace.swift in Sources */,
				76E2F780214E7FCF001B7D74 /* WorkRecord.swift in Sources */,
				BECCBFAA212EE30F00B953F4 /* PictureCell.swift in Sources */,
				276BAF1120E7924C0063D8B4 /* ViewController.swift in Sources */,
				76E2F78221566DA7001B7D74 /* WebViewController.swift in Sources */,
				BE5A4F63211662D20067189D /* DetailDateModel.swift in Sources */,
				27A55C8120E7A0440036BFB1 /* CalendarNavigationController.swift in Sources */,
				27CD9CC120E7EAAE000F6CB3 /* WorkSpaceDetailViewController.swift in Sources */,
				760726952139321C00964D19 /* CountingLabel.swift in Sources */,
				276BAF0F20E7924C0063D8B4 /* AppDelegate.swift in Sources */,
				27D1C47621391D6A007DEC2E /* Color.swift in Sources */,
				27A55C8620E7A1020036BFB1 /* WorkSpaceNavigationController.swift in Sources */,
				BECCBFAF212EE3E500B953F4 /* BenefitCell.swift in Sources */,
				76CFC7BF2142D07200D24B33 /* PaddingLabel.swift in Sources */,
				BE2F09DB20E7A66400CEA36E /* CalendarVars.swift in Sources */,
				27BA3E9821425FDD001DE3A8 /* LoadingDialog.swift in Sources */,
				BECCBFB9212EE4CA00B953F4 /* TodayMoneyCell.swift in Sources */,
				27A55C8E20E7A72B0036BFB1 /* WorkSpaceView.swift in Sources */,
				BECCBFAD212EE39E00B953F4 /* EtcCell.swift in Sources */,
				27A55C6920E797410036BFB1 /* HomeViewController.swift in Sources */,
				76429FCB20E7AD1500B16DD4 /* CircularGraph.swift in Sources */,
				27A55C8A20E7A11D0036BFB1 /* WorkSpaceViewController.swift in Sources */,
				27A55C7A20E79C310036BFB1 /* Extensions+Check-mate.swift in Sources */,
				BECCBFBB212EE4E400B953F4 /* CommonProtocols.swift in Sources */,
				2711E032213CFAFE003BAFED /* ServerClient.swift in Sources */,
				BE5A4F61211662C30067189D /* DateModel.swift in Sources */,
				76CFC7C12142D99300D24B33 /* WorkSpaceCell.swift in Sources */,
			);
			runOnlyForDeploymentPostprocessing = 0;
		};
/* End PBXSourcesBuildPhase section */

/* Begin PBXVariantGroup section */
		276BAF1720E7924E0063D8B4 /* LaunchScreen.storyboard */ = {
			isa = PBXVariantGroup;
			children = (
				276BAF1820E7924E0063D8B4 /* Base */,
			);
			name = LaunchScreen.storyboard;
			sourceTree = "<group>";
		};
/* End PBXVariantGroup section */

/* Begin XCBuildConfiguration section */
		276BAF1B20E7924E0063D8B4 /* Debug */ = {
			isa = XCBuildConfiguration;
			buildSettings = {
				ALWAYS_SEARCH_USER_PATHS = NO;
				CLANG_ANALYZER_NONNULL = YES;
				CLANG_ANALYZER_NUMBER_OBJECT_CONVERSION = YES_AGGRESSIVE;
				CLANG_CXX_LANGUAGE_STANDARD = "gnu++14";
				CLANG_CXX_LIBRARY = "libc++";
				CLANG_ENABLE_MODULES = YES;
				CLANG_ENABLE_OBJC_ARC = YES;
				CLANG_ENABLE_OBJC_WEAK = YES;
				CLANG_WARN_BLOCK_CAPTURE_AUTORELEASING = YES;
				CLANG_WARN_BOOL_CONVERSION = YES;
				CLANG_WARN_COMMA = YES;
				CLANG_WARN_CONSTANT_CONVERSION = YES;
				CLANG_WARN_DEPRECATED_OBJC_IMPLEMENTATIONS = YES;
				CLANG_WARN_DIRECT_OBJC_ISA_USAGE = YES_ERROR;
				CLANG_WARN_DOCUMENTATION_COMMENTS = YES;
				CLANG_WARN_EMPTY_BODY = YES;
				CLANG_WARN_ENUM_CONVERSION = YES;
				CLANG_WARN_INFINITE_RECURSION = YES;
				CLANG_WARN_INT_CONVERSION = YES;
				CLANG_WARN_NON_LITERAL_NULL_CONVERSION = YES;
				CLANG_WARN_OBJC_IMPLICIT_RETAIN_SELF = YES;
				CLANG_WARN_OBJC_LITERAL_CONVERSION = YES;
				CLANG_WARN_OBJC_ROOT_CLASS = YES_ERROR;
				CLANG_WARN_RANGE_LOOP_ANALYSIS = YES;
				CLANG_WARN_STRICT_PROTOTYPES = YES;
				CLANG_WARN_SUSPICIOUS_MOVE = YES;
				CLANG_WARN_UNGUARDED_AVAILABILITY = YES_AGGRESSIVE;
				CLANG_WARN_UNREACHABLE_CODE = YES;
				CLANG_WARN__DUPLICATE_METHOD_MATCH = YES;
				CODE_SIGN_IDENTITY = "iPhone Developer";
				COPY_PHASE_STRIP = NO;
				DEBUG_INFORMATION_FORMAT = dwarf;
				ENABLE_STRICT_OBJC_MSGSEND = YES;
				ENABLE_TESTABILITY = YES;
				GCC_C_LANGUAGE_STANDARD = gnu11;
				GCC_DYNAMIC_NO_PIC = NO;
				GCC_NO_COMMON_BLOCKS = YES;
				GCC_OPTIMIZATION_LEVEL = 0;
				GCC_PREPROCESSOR_DEFINITIONS = (
					"DEBUG=1",
					"$(inherited)",
				);
				GCC_WARN_64_TO_32_BIT_CONVERSION = YES;
				GCC_WARN_ABOUT_RETURN_TYPE = YES_ERROR;
				GCC_WARN_UNDECLARED_SELECTOR = YES;
				GCC_WARN_UNINITIALIZED_AUTOS = YES_AGGRESSIVE;
				GCC_WARN_UNUSED_FUNCTION = YES;
				GCC_WARN_UNUSED_VARIABLE = YES;
				IPHONEOS_DEPLOYMENT_TARGET = 11.4;
				MTL_ENABLE_DEBUG_INFO = YES;
				ONLY_ACTIVE_ARCH = YES;
				SDKROOT = iphoneos;
				SWIFT_ACTIVE_COMPILATION_CONDITIONS = DEBUG;
				SWIFT_OPTIMIZATION_LEVEL = "-Onone";
			};
			name = Debug;
		};
		276BAF1C20E7924E0063D8B4 /* Release */ = {
			isa = XCBuildConfiguration;
			buildSettings = {
				ALWAYS_SEARCH_USER_PATHS = NO;
				CLANG_ANALYZER_NONNULL = YES;
				CLANG_ANALYZER_NUMBER_OBJECT_CONVERSION = YES_AGGRESSIVE;
				CLANG_CXX_LANGUAGE_STANDARD = "gnu++14";
				CLANG_CXX_LIBRARY = "libc++";
				CLANG_ENABLE_MODULES = YES;
				CLANG_ENABLE_OBJC_ARC = YES;
				CLANG_ENABLE_OBJC_WEAK = YES;
				CLANG_WARN_BLOCK_CAPTURE_AUTORELEASING = YES;
				CLANG_WARN_BOOL_CONVERSION = YES;
				CLANG_WARN_COMMA = YES;
				CLANG_WARN_CONSTANT_CONVERSION = YES;
				CLANG_WARN_DEPRECATED_OBJC_IMPLEMENTATIONS = YES;
				CLANG_WARN_DIRECT_OBJC_ISA_USAGE = YES_ERROR;
				CLANG_WARN_DOCUMENTATION_COMMENTS = YES;
				CLANG_WARN_EMPTY_BODY = YES;
				CLANG_WARN_ENUM_CONVERSION = YES;
				CLANG_WARN_INFINITE_RECURSION = YES;
				CLANG_WARN_INT_CONVERSION = YES;
				CLANG_WARN_NON_LITERAL_NULL_CONVERSION = YES;
				CLANG_WARN_OBJC_IMPLICIT_RETAIN_SELF = YES;
				CLANG_WARN_OBJC_LITERAL_CONVERSION = YES;
				CLANG_WARN_OBJC_ROOT_CLASS = YES_ERROR;
				CLANG_WARN_RANGE_LOOP_ANALYSIS = YES;
				CLANG_WARN_STRICT_PROTOTYPES = YES;
				CLANG_WARN_SUSPICIOUS_MOVE = YES;
				CLANG_WARN_UNGUARDED_AVAILABILITY = YES_AGGRESSIVE;
				CLANG_WARN_UNREACHABLE_CODE = YES;
				CLANG_WARN__DUPLICATE_METHOD_MATCH = YES;
				CODE_SIGN_IDENTITY = "iPhone Developer";
				COPY_PHASE_STRIP = NO;
				DEBUG_INFORMATION_FORMAT = "dwarf-with-dsym";
				ENABLE_NS_ASSERTIONS = NO;
				ENABLE_STRICT_OBJC_MSGSEND = YES;
				GCC_C_LANGUAGE_STANDARD = gnu11;
				GCC_NO_COMMON_BLOCKS = YES;
				GCC_WARN_64_TO_32_BIT_CONVERSION = YES;
				GCC_WARN_ABOUT_RETURN_TYPE = YES_ERROR;
				GCC_WARN_UNDECLARED_SELECTOR = YES;
				GCC_WARN_UNINITIALIZED_AUTOS = YES_AGGRESSIVE;
				GCC_WARN_UNUSED_FUNCTION = YES;
				GCC_WARN_UNUSED_VARIABLE = YES;
				IPHONEOS_DEPLOYMENT_TARGET = 11.4;
				MTL_ENABLE_DEBUG_INFO = NO;
				SDKROOT = iphoneos;
				SWIFT_COMPILATION_MODE = wholemodule;
				SWIFT_OPTIMIZATION_LEVEL = "-O";
				VALIDATE_PRODUCT = YES;
			};
			name = Release;
		};
		276BAF1E20E7924E0063D8B4 /* Debug */ = {
			isa = XCBuildConfiguration;
			baseConfigurationReference = 47C713CA9592953B4F324282 /* Pods-Check-mate.debug.xcconfig */;
			buildSettings = {
				ASSETCATALOG_COMPILER_APPICON_NAME = AppIcon;
				CODE_SIGN_STYLE = Automatic;
				DEVELOPMENT_TEAM = "";
				FRAMEWORK_SEARCH_PATHS = (
					"$(inherited)",
					"$(PROJECT_DIR)",
				);
				INFOPLIST_FILE = "Check-mate/Info.plist";
				LD_RUNPATH_SEARCH_PATHS = (
					"$(inherited)",
					"@executable_path/Frameworks",
				);
				OTHER_LDFLAGS = (
					"$(inherited)",
					"-framework",
					"\"Alamofire\"",
					"-framework",
					"\"SwiftyJSON\"",
					"-all_load",
					"-ObjC",
					"-lxml2",
				);
				PRODUCT_BUNDLE_IDENTIFIER = "mash-up-kr.Checkmate";
				PRODUCT_NAME = "$(TARGET_NAME)";
				SWIFT_OBJC_BRIDGING_HEADER = "Check-mate/Check-mate-Bridging-Header.h";
				SWIFT_VERSION = 4.0;
				TARGETED_DEVICE_FAMILY = "1,2";
			};
			name = Debug;
		};
		276BAF1F20E7924E0063D8B4 /* Release */ = {
			isa = XCBuildConfiguration;
			baseConfigurationReference = 54D76EF7D1B419B9D1AB895C /* Pods-Check-mate.release.xcconfig */;
			buildSettings = {
				ASSETCATALOG_COMPILER_APPICON_NAME = AppIcon;
				CODE_SIGN_STYLE = Automatic;
				DEVELOPMENT_TEAM = "";
				FRAMEWORK_SEARCH_PATHS = (
					"$(inherited)",
					"$(PROJECT_DIR)",
				);
				INFOPLIST_FILE = "Check-mate/Info.plist";
				LD_RUNPATH_SEARCH_PATHS = (
					"$(inherited)",
					"@executable_path/Frameworks",
				);
				OTHER_LDFLAGS = (
					"$(inherited)",
					"-framework",
					"\"Alamofire\"",
					"-framework",
					"\"SwiftyJSON\"",
					"-all_load",
					"-ObjC",
					"-lxml2",
				);
				PRODUCT_BUNDLE_IDENTIFIER = "mash-up-kr.Checkmate";
				PRODUCT_NAME = "$(TARGET_NAME)";
				SWIFT_OBJC_BRIDGING_HEADER = "Check-mate/Check-mate-Bridging-Header.h";
				SWIFT_VERSION = 4.0;
				TARGETED_DEVICE_FAMILY = "1,2";
			};
			name = Release;
		};
/* End XCBuildConfiguration section */

/* Begin XCConfigurationList section */
		276BAF0620E7924C0063D8B4 /* Build configuration list for PBXProject "Check-mate" */ = {
			isa = XCConfigurationList;
			buildConfigurations = (
				276BAF1B20E7924E0063D8B4 /* Debug */,
				276BAF1C20E7924E0063D8B4 /* Release */,
			);
			defaultConfigurationIsVisible = 0;
			defaultConfigurationName = Release;
		};
		276BAF1D20E7924E0063D8B4 /* Build configuration list for PBXNativeTarget "Check-mate" */ = {
			isa = XCConfigurationList;
			buildConfigurations = (
				276BAF1E20E7924E0063D8B4 /* Debug */,
				276BAF1F20E7924E0063D8B4 /* Release */,
			);
			defaultConfigurationIsVisible = 0;
			defaultConfigurationName = Release;
		};
/* End XCConfigurationList section */
	};
	rootObject = 276BAF0320E7924C0063D8B4 /* Project object */;
}
